
Microsoft Visual Studio Solution File, Format Version 12.00
# Visual Studio Version 17
VisualStudioVersion = 17.0.31611.283
MinimumVisualStudioVersion = 10.0.40219.1
Project("{9A19103F-16F7-4668-BE54-9A1E7A4F7556}") = "ClassFlyXaml", "ClassFlyXaml\ClassFlyXaml.csproj", "{DF11726E-AADE-464A-A87C-9DF972D9D1C8}"
EndProject
Project("{9A19103F-16F7-4668-BE54-9A1E7A4F7556}") = "ClassFlyMauiBlazor", "ClassFlyMauiBlazor\ClassFlyMauiBlazor.csproj", "{F070434E-ACAC-4D36-932C-95C129A3677E}"
EndProject
Project("{9A19103F-16F7-4668-BE54-9A1E7A4F7556}") = "ClassFly.Core", "ClassFly.Core\ClassFly.Core.csproj", "{C9A300EB-2979-4CC4-BB50-13FEABF73890}"
EndProject
Global
	GlobalSection(SolutionConfigurationPlatforms) = preSolution
		Debug|Any CPU = Debug|Any CPU
		Release|Any CPU = Release|Any CPU
	EndGlobalSection
	GlobalSection(ProjectConfigurationPlatforms) = postSolution
		{DF11726E-AADE-464A-A87C-9DF972D9D1C8}.Debug|Any CPU.ActiveCfg = Debug|Any CPU
		{DF11726E-AADE-464A-A87C-9DF972D9D1C8}.Debug|Any CPU.Build.0 = Debug|Any CPU
		{DF11726E-AADE-464A-A87C-9DF972D9D1C8}.Debug|Any CPU.Deploy.0 = Debug|Any CPU
		{DF11726E-AADE-464A-A87C-9DF972D9D1C8}.Release|Any CPU.ActiveCfg = Release|Any CPU
		{DF11726E-AADE-464A-A87C-9DF972D9D1C8}.Release|Any CPU.Build.0 = Release|Any CPU
		{DF11726E-AADE-464A-A87C-9DF972D9D1C8}.Release|Any CPU.Deploy.0 = Release|Any CPU
		{F070434E-ACAC-4D36-932C-95C129A3677E}.Debug|Any CPU.ActiveCfg = Debug|Any CPU
		{F070434E-ACAC-4D36-932C-95C129A3677E}.Debug|Any CPU.Build.0 = Debug|Any CPU
		{F070434E-ACAC-4D36-932C-95C129A3677E}.Debug|Any CPU.Deploy.0 = Debug|Any CPU
		{F070434E-ACAC-4D36-932C-95C129A3677E}.Release|Any CPU.ActiveCfg = Release|Any CPU
		{F070434E-ACAC-4D36-932C-95C129A3677E}.Release|Any CPU.Build.0 = Release|Any CPU
		{F070434E-ACAC-4D36-932C-95C129A3677E}.Release|Any CPU.Deploy.0 = Release|Any CPU
		{C9A300EB-2979-4CC4-BB50-13FEABF73890}.Debug|Any CPU.ActiveCfg = Debug|Any CPU
		{C9A300EB-2979-4CC4-BB50-13FEABF73890}.Debug|Any CPU.Build.0 = Debug|Any CPU
		{C9A300EB-2979-4CC4-BB50-13FEABF73890}.Release|Any CPU.ActiveCfg = Release|Any CPU
		{C9A300EB-2979-4CC4-BB50-13FEABF73890}.Release|Any CPU.Build.0 = Release|Any CPU
	EndGlobalSection
	GlobalSection(SolutionProperties) = preSolution
		HideSolutionNode = FALSE
	EndGlobalSection
	GlobalSection(ExtensibilityGlobals) = postSolution
		SolutionGuid = {61F7FB11-1E47-470C-91E2-47F8143E1572}
	EndGlobalSection
EndGlobal
