
Microsoft Visual Studio Solution File, Format Version 12.00
# Visual Studio Version 17
VisualStudioVersion = 17.1.31911.260
MinimumVisualStudioVersion = 10.0.40219.1
Project("{FAE04EC0-301F-11D3-BF4B-00C04F79EFBC}") = "DateCalculator.UWP", "DateCalculator.UWP\DateCalculator.UWP.csproj", "{714909A8-18B2-4D6C-BC17-E8C36BC97097}"
EndProject
Project("{FAE04EC0-301F-11D3-BF4B-00C04F79EFBC}") = "DateCalculator.Android", "DateCalculator.Android\DateCalculator.Android.csproj", "{99E69267-7FF2-49A3-A940-AD7B47B70CDB}"
EndProject
Project("{FAE04EC0-301F-11D3-BF4B-00C04F79EFBC}") = "DateCalculator.iOS", "DateCalculator.iOS\DateCalculator.iOS.csproj", "{4447AABB-F522-4633-A1B7-F07FFB05D4D7}"
EndProject
Project("{9A19103F-16F7-4668-BE54-9A1E7A4F7556}") = "DateCalculator.Forms", "DateCalculator.Forms\DateCalculator.Forms.csproj", "{291BD002-CB29-48ED-8475-0166AE6E7205}"
EndProject
Project("{FAE04EC0-301F-11D3-BF4B-00C04F79EFBC}") = "DateCalculator.Maui", "DateCalculator.Maui\DateCalculator.Maui.csproj", "{BBF9A2FC-A53B-48FA-A1F8-B9E54D393CBA}"
EndProject
Project("{FAE04EC0-301F-11D3-BF4B-00C04F79EFBC}") = "DateCalculator.Shared", "DateCalculator.Shared\DateCalculator.Shared.csproj", "{80D1B86A-8648-47DE-882A-2F35770F6F5F}"
EndProject
Project("{FAE04EC0-301F-11D3-BF4B-00C04F79EFBC}") = "DateCalculator.WinForms", "DateCalculator.WinForms\DateCalculator.WinForms.csproj", "{CE9ABBA5-AB42-48A7-A3E0-113420964AED}"
EndProject
Project("{FAE04EC0-301F-11D3-BF4B-00C04F79EFBC}") = "DateCalculator.WinUI", "DateCalculator.WinUI\DateCalculator.WinUI.csproj", "{E5C66B4C-9C1D-4B95-BB30-595BFE988BB3}"
EndProject
Project("{FAE04EC0-301F-11D3-BF4B-00C04F79EFBC}") = "DateCalculator.Wpf", "DateCalculator.Wpf\DateCalculator.Wpf.csproj", "{B1805353-1C11-4B4A-BB8D-802D4335F3F9}"
EndProject
Global
	GlobalSection(SolutionConfigurationPlatforms) = preSolution
		Debug|Any CPU = Debug|Any CPU
		Debug|ARM = Debug|ARM
		Debug|iPhone = Debug|iPhone
		Debug|iPhoneSimulator = Debug|iPhoneSimulator
		Debug|x64 = Debug|x64
		Debug|x86 = Debug|x86
		Release|Any CPU = Release|Any CPU
		Release|ARM = Release|ARM
		Release|iPhone = Release|iPhone
		Release|iPhoneSimulator = Release|iPhoneSimulator
		Release|x64 = Release|x64
		Release|x86 = Release|x86
	EndGlobalSection
	GlobalSection(ProjectConfigurationPlatforms) = postSolution
		{714909A8-18B2-4D6C-BC17-E8C36BC97097}.Debug|Any CPU.ActiveCfg = Debug|x86
		{714909A8-18B2-4D6C-BC17-E8C36BC97097}.Debug|Any CPU.Build.0 = Debug|x86
		{714909A8-18B2-4D6C-BC17-E8C36BC97097}.Debug|Any CPU.Deploy.0 = Debug|x86
		{714909A8-18B2-4D6C-BC17-E8C36BC97097}.Debug|ARM.ActiveCfg = Debug|ARM
		{714909A8-18B2-4D6C-BC17-E8C36BC97097}.Debug|ARM.Build.0 = Debug|ARM
		{714909A8-18B2-4D6C-BC17-E8C36BC97097}.Debug|ARM.Deploy.0 = Debug|ARM
		{714909A8-18B2-4D6C-BC17-E8C36BC97097}.Debug|iPhone.ActiveCfg = Debug|x86
		{714909A8-18B2-4D6C-BC17-E8C36BC97097}.Debug|iPhone.Build.0 = Debug|x86
		{714909A8-18B2-4D6C-BC17-E8C36BC97097}.Debug|iPhone.Deploy.0 = Debug|x86
		{714909A8-18B2-4D6C-BC17-E8C36BC97097}.Debug|iPhoneSimulator.ActiveCfg = Debug|x86
		{714909A8-18B2-4D6C-BC17-E8C36BC97097}.Debug|iPhoneSimulator.Build.0 = Debug|x86
		{714909A8-18B2-4D6C-BC17-E8C36BC97097}.Debug|iPhoneSimulator.Deploy.0 = Debug|x86
		{714909A8-18B2-4D6C-BC17-E8C36BC97097}.Debug|x64.ActiveCfg = Debug|x64
		{714909A8-18B2-4D6C-BC17-E8C36BC97097}.Debug|x64.Build.0 = Debug|x64
		{714909A8-18B2-4D6C-BC17-E8C36BC97097}.Debug|x64.Deploy.0 = Debug|x64
		{714909A8-18B2-4D6C-BC17-E8C36BC97097}.Debug|x86.ActiveCfg = Debug|x86
		{714909A8-18B2-4D6C-BC17-E8C36BC97097}.Debug|x86.Build.0 = Debug|x86
		{714909A8-18B2-4D6C-BC17-E8C36BC97097}.Debug|x86.Deploy.0 = Debug|x86
		{714909A8-18B2-4D6C-BC17-E8C36BC97097}.Release|Any CPU.ActiveCfg = Release|x86
		{714909A8-18B2-4D6C-BC17-E8C36BC97097}.Release|Any CPU.Build.0 = Release|x86
		{714909A8-18B2-4D6C-BC17-E8C36BC97097}.Release|Any CPU.Deploy.0 = Release|x86
		{714909A8-18B2-4D6C-BC17-E8C36BC97097}.Release|ARM.ActiveCfg = Release|ARM
		{714909A8-18B2-4D6C-BC17-E8C36BC97097}.Release|ARM.Build.0 = Release|ARM
		{714909A8-18B2-4D6C-BC17-E8C36BC97097}.Release|ARM.Deploy.0 = Release|ARM
		{714909A8-18B2-4D6C-BC17-E8C36BC97097}.Release|iPhone.ActiveCfg = Release|x86
		{714909A8-18B2-4D6C-BC17-E8C36BC97097}.Release|iPhone.Build.0 = Release|x86
		{714909A8-18B2-4D6C-BC17-E8C36BC97097}.Release|iPhone.Deploy.0 = Release|x86
		{714909A8-18B2-4D6C-BC17-E8C36BC97097}.Release|iPhoneSimulator.ActiveCfg = Release|x86
		{714909A8-18B2-4D6C-BC17-E8C36BC97097}.Release|iPhoneSimulator.Build.0 = Release|x86
		{714909A8-18B2-4D6C-BC17-E8C36BC97097}.Release|iPhoneSimulator.Deploy.0 = Release|x86
		{714909A8-18B2-4D6C-BC17-E8C36BC97097}.Release|x64.ActiveCfg = Release|x64
		{714909A8-18B2-4D6C-BC17-E8C36BC97097}.Release|x64.Build.0 = Release|x64
		{714909A8-18B2-4D6C-BC17-E8C36BC97097}.Release|x64.Deploy.0 = Release|x64
		{714909A8-18B2-4D6C-BC17-E8C36BC97097}.Release|x86.ActiveCfg = Release|x86
		{714909A8-18B2-4D6C-BC17-E8C36BC97097}.Release|x86.Build.0 = Release|x86
		{714909A8-18B2-4D6C-BC17-E8C36BC97097}.Release|x86.Deploy.0 = Release|x86
		{99E69267-7FF2-49A3-A940-AD7B47B70CDB}.Debug|Any CPU.ActiveCfg = Debug|Any CPU
		{99E69267-7FF2-49A3-A940-AD7B47B70CDB}.Debug|Any CPU.Build.0 = Debug|Any CPU
		{99E69267-7FF2-49A3-A940-AD7B47B70CDB}.Debug|Any CPU.Deploy.0 = Debug|Any CPU
		{99E69267-7FF2-49A3-A940-AD7B47B70CDB}.Debug|ARM.ActiveCfg = Debug|Any CPU
		{99E69267-7FF2-49A3-A940-AD7B47B70CDB}.Debug|ARM.Build.0 = Debug|Any CPU
		{99E69267-7FF2-49A3-A940-AD7B47B70CDB}.Debug|ARM.Deploy.0 = Debug|Any CPU
		{99E69267-7FF2-49A3-A940-AD7B47B70CDB}.Debug|iPhone.ActiveCfg = Debug|Any CPU
		{99E69267-7FF2-49A3-A940-AD7B47B70CDB}.Debug|iPhoneSimulator.ActiveCfg = Debug|Any CPU
		{99E69267-7FF2-49A3-A940-AD7B47B70CDB}.Debug|iPhoneSimulator.Build.0 = Debug|Any CPU
		{99E69267-7FF2-49A3-A940-AD7B47B70CDB}.Debug|iPhoneSimulator.Deploy.0 = Debug|Any CPU
		{99E69267-7FF2-49A3-A940-AD7B47B70CDB}.Debug|x64.ActiveCfg = Debug|Any CPU
		{99E69267-7FF2-49A3-A940-AD7B47B70CDB}.Debug|x64.Build.0 = Debug|Any CPU
		{99E69267-7FF2-49A3-A940-AD7B47B70CDB}.Debug|x64.Deploy.0 = Debug|Any CPU
		{99E69267-7FF2-49A3-A940-AD7B47B70CDB}.Debug|x86.ActiveCfg = Debug|Any CPU
		{99E69267-7FF2-49A3-A940-AD7B47B70CDB}.Release|Any CPU.ActiveCfg = Release|Any CPU
		{99E69267-7FF2-49A3-A940-AD7B47B70CDB}.Release|Any CPU.Build.0 = Release|Any CPU
		{99E69267-7FF2-49A3-A940-AD7B47B70CDB}.Release|Any CPU.Deploy.0 = Release|Any CPU
		{99E69267-7FF2-49A3-A940-AD7B47B70CDB}.Release|ARM.ActiveCfg = Release|Any CPU
		{99E69267-7FF2-49A3-A940-AD7B47B70CDB}.Release|ARM.Build.0 = Release|Any CPU
		{99E69267-7FF2-49A3-A940-AD7B47B70CDB}.Release|ARM.Deploy.0 = Release|Any CPU
		{99E69267-7FF2-49A3-A940-AD7B47B70CDB}.Release|iPhone.ActiveCfg = Release|Any CPU
		{99E69267-7FF2-49A3-A940-AD7B47B70CDB}.Release|iPhone.Build.0 = Release|Any CPU
		{99E69267-7FF2-49A3-A940-AD7B47B70CDB}.Release|iPhone.Deploy.0 = Release|Any CPU
		{99E69267-7FF2-49A3-A940-AD7B47B70CDB}.Release|iPhoneSimulator.ActiveCfg = Release|Any CPU
		{99E69267-7FF2-49A3-A940-AD7B47B70CDB}.Release|iPhoneSimulator.Build.0 = Release|Any CPU
		{99E69267-7FF2-49A3-A940-AD7B47B70CDB}.Release|iPhoneSimulator.Deploy.0 = Release|Any CPU
		{99E69267-7FF2-49A3-A940-AD7B47B70CDB}.Release|x64.ActiveCfg = Release|Any CPU
		{99E69267-7FF2-49A3-A940-AD7B47B70CDB}.Release|x64.Build.0 = Release|Any CPU
		{99E69267-7FF2-49A3-A940-AD7B47B70CDB}.Release|x64.Deploy.0 = Release|Any CPU
		{99E69267-7FF2-49A3-A940-AD7B47B70CDB}.Release|x86.ActiveCfg = Release|Any CPU
		{99E69267-7FF2-49A3-A940-AD7B47B70CDB}.Release|x86.Build.0 = Release|Any CPU
		{99E69267-7FF2-49A3-A940-AD7B47B70CDB}.Release|x86.Deploy.0 = Release|Any CPU
		{4447AABB-F522-4633-A1B7-F07FFB05D4D7}.Debug|Any CPU.ActiveCfg = Debug|iPhoneSimulator
		{4447AABB-F522-4633-A1B7-F07FFB05D4D7}.Debug|Any CPU.Build.0 = Debug|iPhoneSimulator
		{4447AABB-F522-4633-A1B7-F07FFB05D4D7}.Debug|Any CPU.Deploy.0 = Debug|iPhoneSimulator
		{4447AABB-F522-4633-A1B7-F07FFB05D4D7}.Debug|ARM.ActiveCfg = Debug|iPhone
		{4447AABB-F522-4633-A1B7-F07FFB05D4D7}.Debug|ARM.Build.0 = Debug|iPhone
		{4447AABB-F522-4633-A1B7-F07FFB05D4D7}.Debug|ARM.Deploy.0 = Debug|iPhone
		{4447AABB-F522-4633-A1B7-F07FFB05D4D7}.Debug|iPhone.ActiveCfg = Debug|iPhone
		{4447AABB-F522-4633-A1B7-F07FFB05D4D7}.Debug|iPhone.Deploy.0 = Debug|iPhone
		{4447AABB-F522-4633-A1B7-F07FFB05D4D7}.Debug|iPhoneSimulator.ActiveCfg = Debug|iPhoneSimulator
		{4447AABB-F522-4633-A1B7-F07FFB05D4D7}.Debug|iPhoneSimulator.Build.0 = Debug|iPhoneSimulator
		{4447AABB-F522-4633-A1B7-F07FFB05D4D7}.Debug|iPhoneSimulator.Deploy.0 = Debug|iPhoneSimulator
		{4447AABB-F522-4633-A1B7-F07FFB05D4D7}.Debug|x64.ActiveCfg = Debug|iPhoneSimulator
		{4447AABB-F522-4633-A1B7-F07FFB05D4D7}.Debug|x64.Build.0 = Debug|iPhoneSimulator
		{4447AABB-F522-4633-A1B7-F07FFB05D4D7}.Debug|x64.Deploy.0 = Debug|iPhoneSimulator
		{4447AABB-F522-4633-A1B7-F07FFB05D4D7}.Debug|x86.ActiveCfg = Debug|iPhoneSimulator
		{4447AABB-F522-4633-A1B7-F07FFB05D4D7}.Debug|x86.Deploy.0 = Debug|iPhoneSimulator
		{4447AABB-F522-4633-A1B7-F07FFB05D4D7}.Release|Any CPU.ActiveCfg = Release|iPhoneSimulator
		{4447AABB-F522-4633-A1B7-F07FFB05D4D7}.Release|Any CPU.Build.0 = Release|iPhoneSimulator
		{4447AABB-F522-4633-A1B7-F07FFB05D4D7}.Release|Any CPU.Deploy.0 = Release|iPhoneSimulator
		{4447AABB-F522-4633-A1B7-F07FFB05D4D7}.Release|ARM.ActiveCfg = Release|iPhoneSimulator
		{4447AABB-F522-4633-A1B7-F07FFB05D4D7}.Release|ARM.Build.0 = Release|iPhoneSimulator
		{4447AABB-F522-4633-A1B7-F07FFB05D4D7}.Release|ARM.Deploy.0 = Release|iPhoneSimulator
		{4447AABB-F522-4633-A1B7-F07FFB05D4D7}.Release|iPhone.ActiveCfg = Release|iPhone
		{4447AABB-F522-4633-A1B7-F07FFB05D4D7}.Release|iPhone.Build.0 = Release|iPhone
		{4447AABB-F522-4633-A1B7-F07FFB05D4D7}.Release|iPhone.Deploy.0 = Release|iPhone
		{4447AABB-F522-4633-A1B7-F07FFB05D4D7}.Release|iPhoneSimulator.ActiveCfg = Release|iPhoneSimulator
		{4447AABB-F522-4633-A1B7-F07FFB05D4D7}.Release|iPhoneSimulator.Build.0 = Release|iPhoneSimulator
		{4447AABB-F522-4633-A1B7-F07FFB05D4D7}.Release|iPhoneSimulator.Deploy.0 = Release|iPhoneSimulator
		{4447AABB-F522-4633-A1B7-F07FFB05D4D7}.Release|x64.ActiveCfg = Release|iPhoneSimulator
		{4447AABB-F522-4633-A1B7-F07FFB05D4D7}.Release|x64.Build.0 = Release|iPhoneSimulator
		{4447AABB-F522-4633-A1B7-F07FFB05D4D7}.Release|x64.Deploy.0 = Release|iPhoneSimulator
		{4447AABB-F522-4633-A1B7-F07FFB05D4D7}.Release|x86.ActiveCfg = Release|iPhoneSimulator
		{4447AABB-F522-4633-A1B7-F07FFB05D4D7}.Release|x86.Build.0 = Release|iPhoneSimulator
		{4447AABB-F522-4633-A1B7-F07FFB05D4D7}.Release|x86.Deploy.0 = Release|iPhoneSimulator
		{291BD002-CB29-48ED-8475-0166AE6E7205}.Debug|Any CPU.ActiveCfg = Debug|Any CPU
		{291BD002-CB29-48ED-8475-0166AE6E7205}.Debug|Any CPU.Build.0 = Debug|Any CPU
		{291BD002-CB29-48ED-8475-0166AE6E7205}.Debug|Any CPU.Deploy.0 = Debug|Any CPU
		{291BD002-CB29-48ED-8475-0166AE6E7205}.Debug|ARM.ActiveCfg = Debug|Any CPU
		{291BD002-CB29-48ED-8475-0166AE6E7205}.Debug|ARM.Build.0 = Debug|Any CPU
		{291BD002-CB29-48ED-8475-0166AE6E7205}.Debug|ARM.Deploy.0 = Debug|Any CPU
		{291BD002-CB29-48ED-8475-0166AE6E7205}.Debug|iPhone.ActiveCfg = Debug|Any CPU
		{291BD002-CB29-48ED-8475-0166AE6E7205}.Debug|iPhone.Build.0 = Debug|Any CPU
		{291BD002-CB29-48ED-8475-0166AE6E7205}.Debug|iPhone.Deploy.0 = Debug|Any CPU
		{291BD002-CB29-48ED-8475-0166AE6E7205}.Debug|iPhoneSimulator.ActiveCfg = Debug|Any CPU
		{291BD002-CB29-48ED-8475-0166AE6E7205}.Debug|iPhoneSimulator.Build.0 = Debug|Any CPU
		{291BD002-CB29-48ED-8475-0166AE6E7205}.Debug|iPhoneSimulator.Deploy.0 = Debug|Any CPU
		{291BD002-CB29-48ED-8475-0166AE6E7205}.Debug|x64.ActiveCfg = Debug|Any CPU
		{291BD002-CB29-48ED-8475-0166AE6E7205}.Debug|x64.Build.0 = Debug|Any CPU
		{291BD002-CB29-48ED-8475-0166AE6E7205}.Debug|x64.Deploy.0 = Debug|Any CPU
		{291BD002-CB29-48ED-8475-0166AE6E7205}.Debug|x86.ActiveCfg = Debug|Any CPU
		{291BD002-CB29-48ED-8475-0166AE6E7205}.Debug|x86.Build.0 = Debug|Any CPU
		{291BD002-CB29-48ED-8475-0166AE6E7205}.Debug|x86.Deploy.0 = Debug|Any CPU
		{291BD002-CB29-48ED-8475-0166AE6E7205}.Release|Any CPU.ActiveCfg = Release|Any CPU
		{291BD002-CB29-48ED-8475-0166AE6E7205}.Release|Any CPU.Build.0 = Release|Any CPU
		{291BD002-CB29-48ED-8475-0166AE6E7205}.Release|Any CPU.Deploy.0 = Release|Any CPU
		{291BD002-CB29-48ED-8475-0166AE6E7205}.Release|ARM.ActiveCfg = Release|Any CPU
		{291BD002-CB29-48ED-8475-0166AE6E7205}.Release|ARM.Build.0 = Release|Any CPU
		{291BD002-CB29-48ED-8475-0166AE6E7205}.Release|ARM.Deploy.0 = Release|Any CPU
		{291BD002-CB29-48ED-8475-0166AE6E7205}.Release|iPhone.ActiveCfg = Release|Any CPU
		{291BD002-CB29-48ED-8475-0166AE6E7205}.Release|iPhone.Build.0 = Release|Any CPU
		{291BD002-CB29-48ED-8475-0166AE6E7205}.Release|iPhone.Deploy.0 = Release|Any CPU
		{291BD002-CB29-48ED-8475-0166AE6E7205}.Release|iPhoneSimulator.ActiveCfg = Release|Any CPU
		{291BD002-CB29-48ED-8475-0166AE6E7205}.Release|iPhoneSimulator.Build.0 = Release|Any CPU
		{291BD002-CB29-48ED-8475-0166AE6E7205}.Release|iPhoneSimulator.Deploy.0 = Release|Any CPU
		{291BD002-CB29-48ED-8475-0166AE6E7205}.Release|x64.ActiveCfg = Release|Any CPU
		{291BD002-CB29-48ED-8475-0166AE6E7205}.Release|x64.Build.0 = Release|Any CPU
		{291BD002-CB29-48ED-8475-0166AE6E7205}.Release|x64.Deploy.0 = Release|Any CPU
		{291BD002-CB29-48ED-8475-0166AE6E7205}.Release|x86.ActiveCfg = Release|Any CPU
		{291BD002-CB29-48ED-8475-0166AE6E7205}.Release|x86.Build.0 = Release|Any CPU
		{291BD002-CB29-48ED-8475-0166AE6E7205}.Release|x86.Deploy.0 = Release|Any CPU
		{BBF9A2FC-A53B-48FA-A1F8-B9E54D393CBA}.Debug|Any CPU.ActiveCfg = Debug|Any CPU
		{BBF9A2FC-A53B-48FA-A1F8-B9E54D393CBA}.Debug|Any CPU.Build.0 = Debug|Any CPU
		{BBF9A2FC-A53B-48FA-A1F8-B9E54D393CBA}.Debug|ARM.ActiveCfg = Debug|Any CPU
		{BBF9A2FC-A53B-48FA-A1F8-B9E54D393CBA}.Debug|ARM.Build.0 = Debug|Any CPU
		{BBF9A2FC-A53B-48FA-A1F8-B9E54D393CBA}.Debug|iPhone.ActiveCfg = Debug|Any CPU
		{BBF9A2FC-A53B-48FA-A1F8-B9E54D393CBA}.Debug|iPhone.Build.0 = Debug|Any CPU
		{BBF9A2FC-A53B-48FA-A1F8-B9E54D393CBA}.Debug|iPhoneSimulator.ActiveCfg = Debug|Any CPU
		{BBF9A2FC-A53B-48FA-A1F8-B9E54D393CBA}.Debug|iPhoneSimulator.Build.0 = Debug|Any CPU
		{BBF9A2FC-A53B-48FA-A1F8-B9E54D393CBA}.Debug|x64.ActiveCfg = Debug|Any CPU
		{BBF9A2FC-A53B-48FA-A1F8-B9E54D393CBA}.Debug|x64.Build.0 = Debug|Any CPU
		{BBF9A2FC-A53B-48FA-A1F8-B9E54D393CBA}.Debug|x86.ActiveCfg = Debug|Any CPU
		{BBF9A2FC-A53B-48FA-A1F8-B9E54D393CBA}.Debug|x86.Build.0 = Debug|Any CPU
		{BBF9A2FC-A53B-48FA-A1F8-B9E54D393CBA}.Release|Any CPU.ActiveCfg = Release|Any CPU
		{BBF9A2FC-A53B-48FA-A1F8-B9E54D393CBA}.Release|Any CPU.Build.0 = Release|Any CPU
		{BBF9A2FC-A53B-48FA-A1F8-B9E54D393CBA}.Release|ARM.ActiveCfg = Release|Any CPU
		{BBF9A2FC-A53B-48FA-A1F8-B9E54D393CBA}.Release|ARM.Build.0 = Release|Any CPU
		{BBF9A2FC-A53B-48FA-A1F8-B9E54D393CBA}.Release|iPhone.ActiveCfg = Release|Any CPU
		{BBF9A2FC-A53B-48FA-A1F8-B9E54D393CBA}.Release|iPhone.Build.0 = Release|Any CPU
		{BBF9A2FC-A53B-48FA-A1F8-B9E54D393CBA}.Release|iPhoneSimulator.ActiveCfg = Release|Any CPU
		{BBF9A2FC-A53B-48FA-A1F8-B9E54D393CBA}.Release|iPhoneSimulator.Build.0 = Release|Any CPU
		{BBF9A2FC-A53B-48FA-A1F8-B9E54D393CBA}.Release|x64.ActiveCfg = Release|Any CPU
		{BBF9A2FC-A53B-48FA-A1F8-B9E54D393CBA}.Release|x64.Build.0 = Release|Any CPU
		{BBF9A2FC-A53B-48FA-A1F8-B9E54D393CBA}.Release|x86.ActiveCfg = Release|Any CPU
		{BBF9A2FC-A53B-48FA-A1F8-B9E54D393CBA}.Release|x86.Build.0 = Release|Any CPU
		{80D1B86A-8648-47DE-882A-2F35770F6F5F}.Debug|Any CPU.ActiveCfg = Debug|Any CPU
		{80D1B86A-8648-47DE-882A-2F35770F6F5F}.Debug|Any CPU.Build.0 = Debug|Any CPU
		{80D1B86A-8648-47DE-882A-2F35770F6F5F}.Debug|ARM.ActiveCfg = Debug|Any CPU
		{80D1B86A-8648-47DE-882A-2F35770F6F5F}.Debug|ARM.Build.0 = Debug|Any CPU
		{80D1B86A-8648-47DE-882A-2F35770F6F5F}.Debug|iPhone.ActiveCfg = Debug|Any CPU
		{80D1B86A-8648-47DE-882A-2F35770F6F5F}.Debug|iPhone.Build.0 = Debug|Any CPU
		{80D1B86A-8648-47DE-882A-2F35770F6F5F}.Debug|iPhoneSimulator.ActiveCfg = Debug|Any CPU
		{80D1B86A-8648-47DE-882A-2F35770F6F5F}.Debug|iPhoneSimulator.Build.0 = Debug|Any CPU
		{80D1B86A-8648-47DE-882A-2F35770F6F5F}.Debug|x64.ActiveCfg = Debug|Any CPU
		{80D1B86A-8648-47DE-882A-2F35770F6F5F}.Debug|x64.Build.0 = Debug|Any CPU
		{80D1B86A-8648-47DE-882A-2F35770F6F5F}.Debug|x86.ActiveCfg = Debug|Any CPU
		{80D1B86A-8648-47DE-882A-2F35770F6F5F}.Debug|x86.Build.0 = Debug|Any CPU
		{80D1B86A-8648-47DE-882A-2F35770F6F5F}.Release|Any CPU.ActiveCfg = Release|Any CPU
		{80D1B86A-8648-47DE-882A-2F35770F6F5F}.Release|Any CPU.Build.0 = Release|Any CPU
		{80D1B86A-8648-47DE-882A-2F35770F6F5F}.Release|ARM.ActiveCfg = Release|Any CPU
		{80D1B86A-8648-47DE-882A-2F35770F6F5F}.Release|ARM.Build.0 = Release|Any CPU
		{80D1B86A-8648-47DE-882A-2F35770F6F5F}.Release|iPhone.ActiveCfg = Release|Any CPU
		{80D1B86A-8648-47DE-882A-2F35770F6F5F}.Release|iPhone.Build.0 = Release|Any CPU
		{80D1B86A-8648-47DE-882A-2F35770F6F5F}.Release|iPhoneSimulator.ActiveCfg = Release|Any CPU
		{80D1B86A-8648-47DE-882A-2F35770F6F5F}.Release|iPhoneSimulator.Build.0 = Release|Any CPU
		{80D1B86A-8648-47DE-882A-2F35770F6F5F}.Release|x64.ActiveCfg = Release|Any CPU
		{80D1B86A-8648-47DE-882A-2F35770F6F5F}.Release|x64.Build.0 = Release|Any CPU
		{80D1B86A-8648-47DE-882A-2F35770F6F5F}.Release|x86.ActiveCfg = Release|Any CPU
		{80D1B86A-8648-47DE-882A-2F35770F6F5F}.Release|x86.Build.0 = Release|Any CPU
		{CE9ABBA5-AB42-48A7-A3E0-113420964AED}.Debug|Any CPU.ActiveCfg = Debug|Any CPU
		{CE9ABBA5-AB42-48A7-A3E0-113420964AED}.Debug|Any CPU.Build.0 = Debug|Any CPU
		{CE9ABBA5-AB42-48A7-A3E0-113420964AED}.Debug|ARM.ActiveCfg = Debug|Any CPU
		{CE9ABBA5-AB42-48A7-A3E0-113420964AED}.Debug|ARM.Build.0 = Debug|Any CPU
		{CE9ABBA5-AB42-48A7-A3E0-113420964AED}.Debug|iPhone.ActiveCfg = Debug|Any CPU
		{CE9ABBA5-AB42-48A7-A3E0-113420964AED}.Debug|iPhone.Build.0 = Debug|Any CPU
		{CE9ABBA5-AB42-48A7-A3E0-113420964AED}.Debug|iPhoneSimulator.ActiveCfg = Debug|Any CPU
		{CE9ABBA5-AB42-48A7-A3E0-113420964AED}.Debug|iPhoneSimulator.Build.0 = Debug|Any CPU
		{CE9ABBA5-AB42-48A7-A3E0-113420964AED}.Debug|x64.ActiveCfg = Debug|Any CPU
		{CE9ABBA5-AB42-48A7-A3E0-113420964AED}.Debug|x64.Build.0 = Debug|Any CPU
		{CE9ABBA5-AB42-48A7-A3E0-113420964AED}.Debug|x86.ActiveCfg = Debug|Any CPU
		{CE9ABBA5-AB42-48A7-A3E0-113420964AED}.Debug|x86.Build.0 = Debug|Any CPU
		{CE9ABBA5-AB42-48A7-A3E0-113420964AED}.Release|Any CPU.ActiveCfg = Release|Any CPU
		{CE9ABBA5-AB42-48A7-A3E0-113420964AED}.Release|Any CPU.Build.0 = Release|Any CPU
		{CE9ABBA5-AB42-48A7-A3E0-113420964AED}.Release|ARM.ActiveCfg = Release|Any CPU
		{CE9ABBA5-AB42-48A7-A3E0-113420964AED}.Release|ARM.Build.0 = Release|Any CPU
		{CE9ABBA5-AB42-48A7-A3E0-113420964AED}.Release|iPhone.ActiveCfg = Release|Any CPU
		{CE9ABBA5-AB42-48A7-A3E0-113420964AED}.Release|iPhone.Build.0 = Release|Any CPU
		{CE9ABBA5-AB42-48A7-A3E0-113420964AED}.Release|iPhoneSimulator.ActiveCfg = Release|Any CPU
		{CE9ABBA5-AB42-48A7-A3E0-113420964AED}.Release|iPhoneSimulator.Build.0 = Release|Any CPU
		{CE9ABBA5-AB42-48A7-A3E0-113420964AED}.Release|x64.ActiveCfg = Release|Any CPU
		{CE9ABBA5-AB42-48A7-A3E0-113420964AED}.Release|x64.Build.0 = Release|Any CPU
		{CE9ABBA5-AB42-48A7-A3E0-113420964AED}.Release|x86.ActiveCfg = Release|Any CPU
		{CE9ABBA5-AB42-48A7-A3E0-113420964AED}.Release|x86.Build.0 = Release|Any CPU
		{E5C66B4C-9C1D-4B95-BB30-595BFE988BB3}.Debug|Any CPU.ActiveCfg = Debug|x86
		{E5C66B4C-9C1D-4B95-BB30-595BFE988BB3}.Debug|Any CPU.Build.0 = Debug|x86
		{E5C66B4C-9C1D-4B95-BB30-595BFE988BB3}.Debug|ARM.ActiveCfg = Debug|x86
		{E5C66B4C-9C1D-4B95-BB30-595BFE988BB3}.Debug|ARM.Build.0 = Debug|x86
		{E5C66B4C-9C1D-4B95-BB30-595BFE988BB3}.Debug|iPhone.ActiveCfg = Debug|x86
		{E5C66B4C-9C1D-4B95-BB30-595BFE988BB3}.Debug|iPhone.Build.0 = Debug|x86
		{E5C66B4C-9C1D-4B95-BB30-595BFE988BB3}.Debug|iPhoneSimulator.ActiveCfg = Debug|x86
		{E5C66B4C-9C1D-4B95-BB30-595BFE988BB3}.Debug|iPhoneSimulator.Build.0 = Debug|x86
		{E5C66B4C-9C1D-4B95-BB30-595BFE988BB3}.Debug|x64.ActiveCfg = Debug|x64
		{E5C66B4C-9C1D-4B95-BB30-595BFE988BB3}.Debug|x64.Build.0 = Debug|x64
		{E5C66B4C-9C1D-4B95-BB30-595BFE988BB3}.Debug|x86.ActiveCfg = Debug|x86
		{E5C66B4C-9C1D-4B95-BB30-595BFE988BB3}.Debug|x86.Build.0 = Debug|x86
		{E5C66B4C-9C1D-4B95-BB30-595BFE988BB3}.Release|Any CPU.ActiveCfg = Release|x86
		{E5C66B4C-9C1D-4B95-BB30-595BFE988BB3}.Release|Any CPU.Build.0 = Release|x86
		{E5C66B4C-9C1D-4B95-BB30-595BFE988BB3}.Release|ARM.ActiveCfg = Release|x86
		{E5C66B4C-9C1D-4B95-BB30-595BFE988BB3}.Release|ARM.Build.0 = Release|x86
		{E5C66B4C-9C1D-4B95-BB30-595BFE988BB3}.Release|iPhone.ActiveCfg = Release|x86
		{E5C66B4C-9C1D-4B95-BB30-595BFE988BB3}.Release|iPhone.Build.0 = Release|x86
		{E5C66B4C-9C1D-4B95-BB30-595BFE988BB3}.Release|iPhoneSimulator.ActiveCfg = Release|x86
		{E5C66B4C-9C1D-4B95-BB30-595BFE988BB3}.Release|iPhoneSimulator.Build.0 = Release|x86
		{E5C66B4C-9C1D-4B95-BB30-595BFE988BB3}.Release|x64.ActiveCfg = Release|x64
		{E5C66B4C-9C1D-4B95-BB30-595BFE988BB3}.Release|x64.Build.0 = Release|x64
		{E5C66B4C-9C1D-4B95-BB30-595BFE988BB3}.Release|x86.ActiveCfg = Release|x86
		{E5C66B4C-9C1D-4B95-BB30-595BFE988BB3}.Release|x86.Build.0 = Release|x86
		{B1805353-1C11-4B4A-BB8D-802D4335F3F9}.Debug|Any CPU.ActiveCfg = Debug|Any CPU
		{B1805353-1C11-4B4A-BB8D-802D4335F3F9}.Debug|Any CPU.Build.0 = Debug|Any CPU
		{B1805353-1C11-4B4A-BB8D-802D4335F3F9}.Debug|ARM.ActiveCfg = Debug|Any CPU
		{B1805353-1C11-4B4A-BB8D-802D4335F3F9}.Debug|ARM.Build.0 = Debug|Any CPU
		{B1805353-1C11-4B4A-BB8D-802D4335F3F9}.Debug|iPhone.ActiveCfg = Debug|Any CPU
		{B1805353-1C11-4B4A-BB8D-802D4335F3F9}.Debug|iPhone.Build.0 = Debug|Any CPU
		{B1805353-1C11-4B4A-BB8D-802D4335F3F9}.Debug|iPhoneSimulator.ActiveCfg = Debug|Any CPU
		{B1805353-1C11-4B4A-BB8D-802D4335F3F9}.Debug|iPhoneSimulator.Build.0 = Debug|Any CPU
		{B1805353-1C11-4B4A-BB8D-802D4335F3F9}.Debug|x64.ActiveCfg = Debug|Any CPU
		{B1805353-1C11-4B4A-BB8D-802D4335F3F9}.Debug|x64.Build.0 = Debug|Any CPU
		{B1805353-1C11-4B4A-BB8D-802D4335F3F9}.Debug|x86.ActiveCfg = Debug|Any CPU
		{B1805353-1C11-4B4A-BB8D-802D4335F3F9}.Debug|x86.Build.0 = Debug|Any CPU
		{B1805353-1C11-4B4A-BB8D-802D4335F3F9}.Release|Any CPU.ActiveCfg = Release|Any CPU
		{B1805353-1C11-4B4A-BB8D-802D4335F3F9}.Release|Any CPU.Build.0 = Release|Any CPU
		{B1805353-1C11-4B4A-BB8D-802D4335F3F9}.Release|ARM.ActiveCfg = Release|Any CPU
		{B1805353-1C11-4B4A-BB8D-802D4335F3F9}.Release|ARM.Build.0 = Release|Any CPU
		{B1805353-1C11-4B4A-BB8D-802D4335F3F9}.Release|iPhone.ActiveCfg = Release|Any CPU
		{B1805353-1C11-4B4A-BB8D-802D4335F3F9}.Release|iPhone.Build.0 = Release|Any CPU
		{B1805353-1C11-4B4A-BB8D-802D4335F3F9}.Release|iPhoneSimulator.ActiveCfg = Release|Any CPU
		{B1805353-1C11-4B4A-BB8D-802D4335F3F9}.Release|iPhoneSimulator.Build.0 = Release|Any CPU
		{B1805353-1C11-4B4A-BB8D-802D4335F3F9}.Release|x64.ActiveCfg = Release|Any CPU
		{B1805353-1C11-4B4A-BB8D-802D4335F3F9}.Release|x64.Build.0 = Release|Any CPU
		{B1805353-1C11-4B4A-BB8D-802D4335F3F9}.Release|x86.ActiveCfg = Release|Any CPU
		{B1805353-1C11-4B4A-BB8D-802D4335F3F9}.Release|x86.Build.0 = Release|Any CPU
	EndGlobalSection
	GlobalSection(SolutionProperties) = preSolution
		HideSolutionNode = FALSE
	EndGlobalSection
	GlobalSection(ExtensibilityGlobals) = postSolution
		SolutionGuid = {08CE29B5-8B31-45CC-809E-AA991F6C0C81}
	EndGlobalSection
EndGlobal
