
Microsoft Visual Studio Solution File, Format Version 12.00
# Visual Studio Version 17
VisualStudioVersion = 17.3.32505.426
MinimumVisualStudioVersion = 10.0.40219.1
Project("{FAE04EC0-301F-11D3-BF4B-00C04F79EFBC}") = "DateCalculator.UWP", "UnifiedDateCalculator\DateCalculator.UWP\DateCalculator.UWP.csproj", "{1049E8F2-DD4A-430A-876F-97B2AABFF362}"
EndProject
Project("{FAE04EC0-301F-11D3-BF4B-00C04F79EFBC}") = "DateCalculator.Android", "UnifiedDateCalculator\DateCalculator.Android\DateCalculator.Android.csproj", "{8E0396C9-6174-4451-BBBC-9DF606D499B2}"
EndProject
Project("{FAE04EC0-301F-11D3-BF4B-00C04F79EFBC}") = "DateCalculator.iOS", "UnifiedDateCalculator\DateCalculator.iOS\DateCalculator.iOS.csproj", "{9F7692B4-49E1-48BA-8F4D-61D3BD4A70A7}"
EndProject
Project("{9A19103F-16F7-4668-BE54-9A1E7A4F7556}") = "DateCalculator.Forms", "UnifiedDateCalculator\DateCalculator.Forms\DateCalculator.Forms.csproj", "{95C0D903-8430-49CB-AFE0-6B7A8F21354B}"
EndProject
Project("{9A19103F-16F7-4668-BE54-9A1E7A4F7556}") = "DateCalculator.Maui", "UnifiedDateCalculator\DateCalculator.Maui\DateCalculator.Maui.csproj", "{2FCBFB2B-CE78-4034-A488-F1B13E7FF4B4}"
EndProject
Project("{9A19103F-16F7-4668-BE54-9A1E7A4F7556}") = "DateCalculator.Shared", "UnifiedDateCalculator\DateCalculator.Shared\DateCalculator.Shared.csproj", "{07CFA9C7-A1C8-410B-805B-5C01DC1ED653}"
EndProject
Project("{9A19103F-16F7-4668-BE54-9A1E7A4F7556}") = "DateCalculator.UI", "UnifiedDateCalculator\DateCalculator.UI\DateCalculator.UI.csproj", "{F627C9F2-E55E-494A-9EAC-14BC59CFDA3B}"
EndProject
Global
	GlobalSection(SolutionConfigurationPlatforms) = preSolution
		Debug|Any CPU = Debug|Any CPU
		Debug|ARM = Debug|ARM
		Debug|iPhone = Debug|iPhone
		Debug|iPhoneSimulator = Debug|iPhoneSimulator
		Debug|x64 = Debug|x64
		Debug|x86 = Debug|x86
		Release|Any CPU = Release|Any CPU
		Release|ARM = Release|ARM
		Release|iPhone = Release|iPhone
		Release|iPhoneSimulator = Release|iPhoneSimulator
		Release|x64 = Release|x64
		Release|x86 = Release|x86
	EndGlobalSection
	GlobalSection(ProjectConfigurationPlatforms) = postSolution
		{1049E8F2-DD4A-430A-876F-97B2AABFF362}.Debug|Any CPU.ActiveCfg = Debug|x64
		{1049E8F2-DD4A-430A-876F-97B2AABFF362}.Debug|Any CPU.Build.0 = Debug|x64
		{1049E8F2-DD4A-430A-876F-97B2AABFF362}.Debug|Any CPU.Deploy.0 = Debug|x64
		{1049E8F2-DD4A-430A-876F-97B2AABFF362}.Debug|ARM.ActiveCfg = Debug|ARM
		{1049E8F2-DD4A-430A-876F-97B2AABFF362}.Debug|ARM.Build.0 = Debug|ARM
		{1049E8F2-DD4A-430A-876F-97B2AABFF362}.Debug|ARM.Deploy.0 = Debug|ARM
		{1049E8F2-DD4A-430A-876F-97B2AABFF362}.Debug|iPhone.ActiveCfg = Debug|x64
		{1049E8F2-DD4A-430A-876F-97B2AABFF362}.Debug|iPhone.Build.0 = Debug|x64
		{1049E8F2-DD4A-430A-876F-97B2AABFF362}.Debug|iPhone.Deploy.0 = Debug|x64
		{1049E8F2-DD4A-430A-876F-97B2AABFF362}.Debug|iPhoneSimulator.ActiveCfg = Debug|x64
		{1049E8F2-DD4A-430A-876F-97B2AABFF362}.Debug|iPhoneSimulator.Build.0 = Debug|x64
		{1049E8F2-DD4A-430A-876F-97B2AABFF362}.Debug|iPhoneSimulator.Deploy.0 = Debug|x64
		{1049E8F2-DD4A-430A-876F-97B2AABFF362}.Debug|x64.ActiveCfg = Debug|x64
		{1049E8F2-DD4A-430A-876F-97B2AABFF362}.Debug|x64.Build.0 = Debug|x64
		{1049E8F2-DD4A-430A-876F-97B2AABFF362}.Debug|x64.Deploy.0 = Debug|x64
		{1049E8F2-DD4A-430A-876F-97B2AABFF362}.Debug|x86.ActiveCfg = Debug|x86
		{1049E8F2-DD4A-430A-876F-97B2AABFF362}.Debug|x86.Build.0 = Debug|x86
		{1049E8F2-DD4A-430A-876F-97B2AABFF362}.Debug|x86.Deploy.0 = Debug|x86
		{1049E8F2-DD4A-430A-876F-97B2AABFF362}.Release|Any CPU.ActiveCfg = Release|x64
		{1049E8F2-DD4A-430A-876F-97B2AABFF362}.Release|Any CPU.Build.0 = Release|x64
		{1049E8F2-DD4A-430A-876F-97B2AABFF362}.Release|Any CPU.Deploy.0 = Release|x64
		{1049E8F2-DD4A-430A-876F-97B2AABFF362}.Release|ARM.ActiveCfg = Release|ARM
		{1049E8F2-DD4A-430A-876F-97B2AABFF362}.Release|ARM.Build.0 = Release|ARM
		{1049E8F2-DD4A-430A-876F-97B2AABFF362}.Release|ARM.Deploy.0 = Release|ARM
		{1049E8F2-DD4A-430A-876F-97B2AABFF362}.Release|iPhone.ActiveCfg = Release|x64
		{1049E8F2-DD4A-430A-876F-97B2AABFF362}.Release|iPhone.Build.0 = Release|x64
		{1049E8F2-DD4A-430A-876F-97B2AABFF362}.Release|iPhone.Deploy.0 = Release|x64
		{1049E8F2-DD4A-430A-876F-97B2AABFF362}.Release|iPhoneSimulator.ActiveCfg = Release|x64
		{1049E8F2-DD4A-430A-876F-97B2AABFF362}.Release|iPhoneSimulator.Build.0 = Release|x64
		{1049E8F2-DD4A-430A-876F-97B2AABFF362}.Release|iPhoneSimulator.Deploy.0 = Release|x64
		{1049E8F2-DD4A-430A-876F-97B2AABFF362}.Release|x64.ActiveCfg = Release|x64
		{1049E8F2-DD4A-430A-876F-97B2AABFF362}.Release|x64.Build.0 = Release|x64
		{1049E8F2-DD4A-430A-876F-97B2AABFF362}.Release|x64.Deploy.0 = Release|x64
		{1049E8F2-DD4A-430A-876F-97B2AABFF362}.Release|x86.ActiveCfg = Release|x86
		{1049E8F2-DD4A-430A-876F-97B2AABFF362}.Release|x86.Build.0 = Release|x86
		{1049E8F2-DD4A-430A-876F-97B2AABFF362}.Release|x86.Deploy.0 = Release|x86
		{8E0396C9-6174-4451-BBBC-9DF606D499B2}.Debug|Any CPU.ActiveCfg = Debug|Any CPU
		{8E0396C9-6174-4451-BBBC-9DF606D499B2}.Debug|Any CPU.Build.0 = Debug|Any CPU
		{8E0396C9-6174-4451-BBBC-9DF606D499B2}.Debug|Any CPU.Deploy.0 = Debug|Any CPU
		{8E0396C9-6174-4451-BBBC-9DF606D499B2}.Debug|ARM.ActiveCfg = Debug|Any CPU
		{8E0396C9-6174-4451-BBBC-9DF606D499B2}.Debug|ARM.Build.0 = Debug|Any CPU
		{8E0396C9-6174-4451-BBBC-9DF606D499B2}.Debug|ARM.Deploy.0 = Debug|Any CPU
		{8E0396C9-6174-4451-BBBC-9DF606D499B2}.Debug|iPhone.ActiveCfg = Debug|Any CPU
		{8E0396C9-6174-4451-BBBC-9DF606D499B2}.Debug|iPhone.Build.0 = Debug|Any CPU
		{8E0396C9-6174-4451-BBBC-9DF606D499B2}.Debug|iPhone.Deploy.0 = Debug|Any CPU
		{8E0396C9-6174-4451-BBBC-9DF606D499B2}.Debug|iPhoneSimulator.ActiveCfg = Debug|Any CPU
		{8E0396C9-6174-4451-BBBC-9DF606D499B2}.Debug|iPhoneSimulator.Build.0 = Debug|Any CPU
		{8E0396C9-6174-4451-BBBC-9DF606D499B2}.Debug|iPhoneSimulator.Deploy.0 = Debug|Any CPU
		{8E0396C9-6174-4451-BBBC-9DF606D499B2}.Debug|x64.ActiveCfg = Debug|Any CPU
		{8E0396C9-6174-4451-BBBC-9DF606D499B2}.Debug|x64.Build.0 = Debug|Any CPU
		{8E0396C9-6174-4451-BBBC-9DF606D499B2}.Debug|x64.Deploy.0 = Debug|Any CPU
		{8E0396C9-6174-4451-BBBC-9DF606D499B2}.Debug|x86.ActiveCfg = Debug|Any CPU
		{8E0396C9-6174-4451-BBBC-9DF606D499B2}.Debug|x86.Build.0 = Debug|Any CPU
		{8E0396C9-6174-4451-BBBC-9DF606D499B2}.Debug|x86.Deploy.0 = Debug|Any CPU
		{8E0396C9-6174-4451-BBBC-9DF606D499B2}.Release|Any CPU.ActiveCfg = Release|Any CPU
		{8E0396C9-6174-4451-BBBC-9DF606D499B2}.Release|Any CPU.Build.0 = Release|Any CPU
		{8E0396C9-6174-4451-BBBC-9DF606D499B2}.Release|Any CPU.Deploy.0 = Release|Any CPU
		{8E0396C9-6174-4451-BBBC-9DF606D499B2}.Release|ARM.ActiveCfg = Release|Any CPU
		{8E0396C9-6174-4451-BBBC-9DF606D499B2}.Release|ARM.Build.0 = Release|Any CPU
		{8E0396C9-6174-4451-BBBC-9DF606D499B2}.Release|ARM.Deploy.0 = Release|Any CPU
		{8E0396C9-6174-4451-BBBC-9DF606D499B2}.Release|iPhone.ActiveCfg = Release|Any CPU
		{8E0396C9-6174-4451-BBBC-9DF606D499B2}.Release|iPhone.Build.0 = Release|Any CPU
		{8E0396C9-6174-4451-BBBC-9DF606D499B2}.Release|iPhone.Deploy.0 = Release|Any CPU
		{8E0396C9-6174-4451-BBBC-9DF606D499B2}.Release|iPhoneSimulator.ActiveCfg = Release|Any CPU
		{8E0396C9-6174-4451-BBBC-9DF606D499B2}.Release|iPhoneSimulator.Build.0 = Release|Any CPU
		{8E0396C9-6174-4451-BBBC-9DF606D499B2}.Release|iPhoneSimulator.Deploy.0 = Release|Any CPU
		{8E0396C9-6174-4451-BBBC-9DF606D499B2}.Release|x64.ActiveCfg = Release|Any CPU
		{8E0396C9-6174-4451-BBBC-9DF606D499B2}.Release|x64.Build.0 = Release|Any CPU
		{8E0396C9-6174-4451-BBBC-9DF606D499B2}.Release|x64.Deploy.0 = Release|Any CPU
		{8E0396C9-6174-4451-BBBC-9DF606D499B2}.Release|x86.ActiveCfg = Release|Any CPU
		{8E0396C9-6174-4451-BBBC-9DF606D499B2}.Release|x86.Build.0 = Release|Any CPU
		{8E0396C9-6174-4451-BBBC-9DF606D499B2}.Release|x86.Deploy.0 = Release|Any CPU
		{9F7692B4-49E1-48BA-8F4D-61D3BD4A70A7}.Debug|Any CPU.ActiveCfg = Debug|iPhoneSimulator
		{9F7692B4-49E1-48BA-8F4D-61D3BD4A70A7}.Debug|Any CPU.Build.0 = Debug|iPhoneSimulator
		{9F7692B4-49E1-48BA-8F4D-61D3BD4A70A7}.Debug|Any CPU.Deploy.0 = Debug|iPhoneSimulator
		{9F7692B4-49E1-48BA-8F4D-61D3BD4A70A7}.Debug|ARM.ActiveCfg = Debug|iPhoneSimulator
		{9F7692B4-49E1-48BA-8F4D-61D3BD4A70A7}.Debug|ARM.Build.0 = Debug|iPhoneSimulator
		{9F7692B4-49E1-48BA-8F4D-61D3BD4A70A7}.Debug|ARM.Deploy.0 = Debug|iPhoneSimulator
		{9F7692B4-49E1-48BA-8F4D-61D3BD4A70A7}.Debug|iPhone.ActiveCfg = Debug|iPhone
		{9F7692B4-49E1-48BA-8F4D-61D3BD4A70A7}.Debug|iPhone.Build.0 = Debug|iPhone
		{9F7692B4-49E1-48BA-8F4D-61D3BD4A70A7}.Debug|iPhone.Deploy.0 = Debug|iPhone
		{9F7692B4-49E1-48BA-8F4D-61D3BD4A70A7}.Debug|iPhoneSimulator.ActiveCfg = Debug|iPhoneSimulator
		{9F7692B4-49E1-48BA-8F4D-61D3BD4A70A7}.Debug|iPhoneSimulator.Build.0 = Debug|iPhoneSimulator
		{9F7692B4-49E1-48BA-8F4D-61D3BD4A70A7}.Debug|iPhoneSimulator.Deploy.0 = Debug|iPhoneSimulator
		{9F7692B4-49E1-48BA-8F4D-61D3BD4A70A7}.Debug|x64.ActiveCfg = Debug|iPhone
		{9F7692B4-49E1-48BA-8F4D-61D3BD4A70A7}.Debug|x64.Build.0 = Debug|iPhone
		{9F7692B4-49E1-48BA-8F4D-61D3BD4A70A7}.Debug|x64.Deploy.0 = Debug|iPhone
		{9F7692B4-49E1-48BA-8F4D-61D3BD4A70A7}.Debug|x86.ActiveCfg = Debug|iPhoneSimulator
		{9F7692B4-49E1-48BA-8F4D-61D3BD4A70A7}.Debug|x86.Build.0 = Debug|iPhoneSimulator
		{9F7692B4-49E1-48BA-8F4D-61D3BD4A70A7}.Debug|x86.Deploy.0 = Debug|iPhoneSimulator
		{9F7692B4-49E1-48BA-8F4D-61D3BD4A70A7}.Release|Any CPU.ActiveCfg = Release|iPhoneSimulator
		{9F7692B4-49E1-48BA-8F4D-61D3BD4A70A7}.Release|Any CPU.Build.0 = Release|iPhoneSimulator
		{9F7692B4-49E1-48BA-8F4D-61D3BD4A70A7}.Release|Any CPU.Deploy.0 = Release|iPhoneSimulator
		{9F7692B4-49E1-48BA-8F4D-61D3BD4A70A7}.Release|ARM.ActiveCfg = Release|iPhoneSimulator
		{9F7692B4-49E1-48BA-8F4D-61D3BD4A70A7}.Release|ARM.Build.0 = Release|iPhoneSimulator
		{9F7692B4-49E1-48BA-8F4D-61D3BD4A70A7}.Release|ARM.Deploy.0 = Release|iPhoneSimulator
		{9F7692B4-49E1-48BA-8F4D-61D3BD4A70A7}.Release|iPhone.ActiveCfg = Release|iPhone
		{9F7692B4-49E1-48BA-8F4D-61D3BD4A70A7}.Release|iPhone.Build.0 = Release|iPhone
		{9F7692B4-49E1-48BA-8F4D-61D3BD4A70A7}.Release|iPhone.Deploy.0 = Release|iPhone
		{9F7692B4-49E1-48BA-8F4D-61D3BD4A70A7}.Release|iPhoneSimulator.ActiveCfg = Release|iPhoneSimulator
		{9F7692B4-49E1-48BA-8F4D-61D3BD4A70A7}.Release|iPhoneSimulator.Build.0 = Release|iPhoneSimulator
		{9F7692B4-49E1-48BA-8F4D-61D3BD4A70A7}.Release|iPhoneSimulator.Deploy.0 = Release|iPhoneSimulator
		{9F7692B4-49E1-48BA-8F4D-61D3BD4A70A7}.Release|x64.ActiveCfg = Release|iPhoneSimulator
		{9F7692B4-49E1-48BA-8F4D-61D3BD4A70A7}.Release|x64.Build.0 = Release|iPhoneSimulator
		{9F7692B4-49E1-48BA-8F4D-61D3BD4A70A7}.Release|x64.Deploy.0 = Release|iPhoneSimulator
		{9F7692B4-49E1-48BA-8F4D-61D3BD4A70A7}.Release|x86.ActiveCfg = Release|iPhoneSimulator
		{9F7692B4-49E1-48BA-8F4D-61D3BD4A70A7}.Release|x86.Build.0 = Release|iPhoneSimulator
		{9F7692B4-49E1-48BA-8F4D-61D3BD4A70A7}.Release|x86.Deploy.0 = Release|iPhoneSimulator
		{95C0D903-8430-49CB-AFE0-6B7A8F21354B}.Debug|Any CPU.ActiveCfg = Debug|Any CPU
		{95C0D903-8430-49CB-AFE0-6B7A8F21354B}.Debug|Any CPU.Build.0 = Debug|Any CPU
		{95C0D903-8430-49CB-AFE0-6B7A8F21354B}.Debug|Any CPU.Deploy.0 = Debug|Any CPU
		{95C0D903-8430-49CB-AFE0-6B7A8F21354B}.Debug|ARM.ActiveCfg = Debug|Any CPU
		{95C0D903-8430-49CB-AFE0-6B7A8F21354B}.Debug|ARM.Build.0 = Debug|Any CPU
		{95C0D903-8430-49CB-AFE0-6B7A8F21354B}.Debug|ARM.Deploy.0 = Debug|Any CPU
		{95C0D903-8430-49CB-AFE0-6B7A8F21354B}.Debug|iPhone.ActiveCfg = Debug|Any CPU
		{95C0D903-8430-49CB-AFE0-6B7A8F21354B}.Debug|iPhone.Build.0 = Debug|Any CPU
		{95C0D903-8430-49CB-AFE0-6B7A8F21354B}.Debug|iPhone.Deploy.0 = Debug|Any CPU
		{95C0D903-8430-49CB-AFE0-6B7A8F21354B}.Debug|iPhoneSimulator.ActiveCfg = Debug|Any CPU
		{95C0D903-8430-49CB-AFE0-6B7A8F21354B}.Debug|iPhoneSimulator.Build.0 = Debug|Any CPU
		{95C0D903-8430-49CB-AFE0-6B7A8F21354B}.Debug|iPhoneSimulator.Deploy.0 = Debug|Any CPU
		{95C0D903-8430-49CB-AFE0-6B7A8F21354B}.Debug|x64.ActiveCfg = Debug|Any CPU
		{95C0D903-8430-49CB-AFE0-6B7A8F21354B}.Debug|x64.Build.0 = Debug|Any CPU
		{95C0D903-8430-49CB-AFE0-6B7A8F21354B}.Debug|x64.Deploy.0 = Debug|Any CPU
		{95C0D903-8430-49CB-AFE0-6B7A8F21354B}.Debug|x86.ActiveCfg = Debug|Any CPU
		{95C0D903-8430-49CB-AFE0-6B7A8F21354B}.Debug|x86.Build.0 = Debug|Any CPU
		{95C0D903-8430-49CB-AFE0-6B7A8F21354B}.Debug|x86.Deploy.0 = Debug|Any CPU
		{95C0D903-8430-49CB-AFE0-6B7A8F21354B}.Release|Any CPU.ActiveCfg = Release|Any CPU
		{95C0D903-8430-49CB-AFE0-6B7A8F21354B}.Release|Any CPU.Build.0 = Release|Any CPU
		{95C0D903-8430-49CB-AFE0-6B7A8F21354B}.Release|Any CPU.Deploy.0 = Release|Any CPU
		{95C0D903-8430-49CB-AFE0-6B7A8F21354B}.Release|ARM.ActiveCfg = Release|Any CPU
		{95C0D903-8430-49CB-AFE0-6B7A8F21354B}.Release|ARM.Build.0 = Release|Any CPU
		{95C0D903-8430-49CB-AFE0-6B7A8F21354B}.Release|ARM.Deploy.0 = Release|Any CPU
		{95C0D903-8430-49CB-AFE0-6B7A8F21354B}.Release|iPhone.ActiveCfg = Release|Any CPU
		{95C0D903-8430-49CB-AFE0-6B7A8F21354B}.Release|iPhone.Build.0 = Release|Any CPU
		{95C0D903-8430-49CB-AFE0-6B7A8F21354B}.Release|iPhone.Deploy.0 = Release|Any CPU
		{95C0D903-8430-49CB-AFE0-6B7A8F21354B}.Release|iPhoneSimulator.ActiveCfg = Release|Any CPU
		{95C0D903-8430-49CB-AFE0-6B7A8F21354B}.Release|iPhoneSimulator.Build.0 = Release|Any CPU
		{95C0D903-8430-49CB-AFE0-6B7A8F21354B}.Release|iPhoneSimulator.Deploy.0 = Release|Any CPU
		{95C0D903-8430-49CB-AFE0-6B7A8F21354B}.Release|x64.ActiveCfg = Release|Any CPU
		{95C0D903-8430-49CB-AFE0-6B7A8F21354B}.Release|x64.Build.0 = Release|Any CPU
		{95C0D903-8430-49CB-AFE0-6B7A8F21354B}.Release|x64.Deploy.0 = Release|Any CPU
		{95C0D903-8430-49CB-AFE0-6B7A8F21354B}.Release|x86.ActiveCfg = Release|Any CPU
		{95C0D903-8430-49CB-AFE0-6B7A8F21354B}.Release|x86.Build.0 = Release|Any CPU
		{95C0D903-8430-49CB-AFE0-6B7A8F21354B}.Release|x86.Deploy.0 = Release|Any CPU
		{2FCBFB2B-CE78-4034-A488-F1B13E7FF4B4}.Debug|Any CPU.ActiveCfg = Debug|Any CPU
		{2FCBFB2B-CE78-4034-A488-F1B13E7FF4B4}.Debug|Any CPU.Build.0 = Debug|Any CPU
		{2FCBFB2B-CE78-4034-A488-F1B13E7FF4B4}.Debug|Any CPU.Deploy.0 = Debug|Any CPU
		{2FCBFB2B-CE78-4034-A488-F1B13E7FF4B4}.Debug|ARM.ActiveCfg = Debug|Any CPU
		{2FCBFB2B-CE78-4034-A488-F1B13E7FF4B4}.Debug|ARM.Build.0 = Debug|Any CPU
		{2FCBFB2B-CE78-4034-A488-F1B13E7FF4B4}.Debug|iPhone.ActiveCfg = Debug|Any CPU
		{2FCBFB2B-CE78-4034-A488-F1B13E7FF4B4}.Debug|iPhone.Build.0 = Debug|Any CPU
		{2FCBFB2B-CE78-4034-A488-F1B13E7FF4B4}.Debug|iPhoneSimulator.ActiveCfg = Debug|Any CPU
		{2FCBFB2B-CE78-4034-A488-F1B13E7FF4B4}.Debug|iPhoneSimulator.Build.0 = Debug|Any CPU
		{2FCBFB2B-CE78-4034-A488-F1B13E7FF4B4}.Debug|x64.ActiveCfg = Debug|Any CPU
		{2FCBFB2B-CE78-4034-A488-F1B13E7FF4B4}.Debug|x64.Build.0 = Debug|Any CPU
		{2FCBFB2B-CE78-4034-A488-F1B13E7FF4B4}.Debug|x86.ActiveCfg = Debug|Any CPU
		{2FCBFB2B-CE78-4034-A488-F1B13E7FF4B4}.Debug|x86.Build.0 = Debug|Any CPU
		{2FCBFB2B-CE78-4034-A488-F1B13E7FF4B4}.Debug|x86.Deploy.0 = Debug|Any CPU
		{2FCBFB2B-CE78-4034-A488-F1B13E7FF4B4}.Release|Any CPU.ActiveCfg = Release|Any CPU
		{2FCBFB2B-CE78-4034-A488-F1B13E7FF4B4}.Release|Any CPU.Build.0 = Release|Any CPU
		{2FCBFB2B-CE78-4034-A488-F1B13E7FF4B4}.Release|ARM.ActiveCfg = Release|Any CPU
		{2FCBFB2B-CE78-4034-A488-F1B13E7FF4B4}.Release|ARM.Build.0 = Release|Any CPU
		{2FCBFB2B-CE78-4034-A488-F1B13E7FF4B4}.Release|iPhone.ActiveCfg = Release|Any CPU
		{2FCBFB2B-CE78-4034-A488-F1B13E7FF4B4}.Release|iPhone.Build.0 = Release|Any CPU
		{2FCBFB2B-CE78-4034-A488-F1B13E7FF4B4}.Release|iPhoneSimulator.ActiveCfg = Release|Any CPU
		{2FCBFB2B-CE78-4034-A488-F1B13E7FF4B4}.Release|iPhoneSimulator.Build.0 = Release|Any CPU
		{2FCBFB2B-CE78-4034-A488-F1B13E7FF4B4}.Release|x64.ActiveCfg = Release|Any CPU
		{2FCBFB2B-CE78-4034-A488-F1B13E7FF4B4}.Release|x64.Build.0 = Release|Any CPU
		{2FCBFB2B-CE78-4034-A488-F1B13E7FF4B4}.Release|x86.ActiveCfg = Release|Any CPU
		{2FCBFB2B-CE78-4034-A488-F1B13E7FF4B4}.Release|x86.Build.0 = Release|Any CPU
		{07CFA9C7-A1C8-410B-805B-5C01DC1ED653}.Debug|Any CPU.ActiveCfg = Debug|Any CPU
		{07CFA9C7-A1C8-410B-805B-5C01DC1ED653}.Debug|Any CPU.Build.0 = Debug|Any CPU
		{07CFA9C7-A1C8-410B-805B-5C01DC1ED653}.Debug|ARM.ActiveCfg = Debug|Any CPU
		{07CFA9C7-A1C8-410B-805B-5C01DC1ED653}.Debug|ARM.Build.0 = Debug|Any CPU
		{07CFA9C7-A1C8-410B-805B-5C01DC1ED653}.Debug|iPhone.ActiveCfg = Debug|Any CPU
		{07CFA9C7-A1C8-410B-805B-5C01DC1ED653}.Debug|iPhone.Build.0 = Debug|Any CPU
		{07CFA9C7-A1C8-410B-805B-5C01DC1ED653}.Debug|iPhoneSimulator.ActiveCfg = Debug|Any CPU
		{07CFA9C7-A1C8-410B-805B-5C01DC1ED653}.Debug|iPhoneSimulator.Build.0 = Debug|Any CPU
		{07CFA9C7-A1C8-410B-805B-5C01DC1ED653}.Debug|x64.ActiveCfg = Debug|Any CPU
		{07CFA9C7-A1C8-410B-805B-5C01DC1ED653}.Debug|x64.Build.0 = Debug|Any CPU
		{07CFA9C7-A1C8-410B-805B-5C01DC1ED653}.Debug|x86.ActiveCfg = Debug|Any CPU
		{07CFA9C7-A1C8-410B-805B-5C01DC1ED653}.Debug|x86.Build.0 = Debug|Any CPU
		{07CFA9C7-A1C8-410B-805B-5C01DC1ED653}.Release|Any CPU.ActiveCfg = Release|Any CPU
		{07CFA9C7-A1C8-410B-805B-5C01DC1ED653}.Release|Any CPU.Build.0 = Release|Any CPU
		{07CFA9C7-A1C8-410B-805B-5C01DC1ED653}.Release|ARM.ActiveCfg = Release|Any CPU
		{07CFA9C7-A1C8-410B-805B-5C01DC1ED653}.Release|ARM.Build.0 = Release|Any CPU
		{07CFA9C7-A1C8-410B-805B-5C01DC1ED653}.Release|iPhone.ActiveCfg = Release|Any CPU
		{07CFA9C7-A1C8-410B-805B-5C01DC1ED653}.Release|iPhone.Build.0 = Release|Any CPU
		{07CFA9C7-A1C8-410B-805B-5C01DC1ED653}.Release|iPhoneSimulator.ActiveCfg = Release|Any CPU
		{07CFA9C7-A1C8-410B-805B-5C01DC1ED653}.Release|iPhoneSimulator.Build.0 = Release|Any CPU
		{07CFA9C7-A1C8-410B-805B-5C01DC1ED653}.Release|x64.ActiveCfg = Release|Any CPU
		{07CFA9C7-A1C8-410B-805B-5C01DC1ED653}.Release|x64.Build.0 = Release|Any CPU
		{07CFA9C7-A1C8-410B-805B-5C01DC1ED653}.Release|x86.ActiveCfg = Release|Any CPU
		{07CFA9C7-A1C8-410B-805B-5C01DC1ED653}.Release|x86.Build.0 = Release|Any CPU
		{F627C9F2-E55E-494A-9EAC-14BC59CFDA3B}.Debug|Any CPU.ActiveCfg = Debug|Any CPU
		{F627C9F2-E55E-494A-9EAC-14BC59CFDA3B}.Debug|Any CPU.Build.0 = Debug|Any CPU
		{F627C9F2-E55E-494A-9EAC-14BC59CFDA3B}.Debug|ARM.ActiveCfg = Debug|Any CPU
		{F627C9F2-E55E-494A-9EAC-14BC59CFDA3B}.Debug|ARM.Build.0 = Debug|Any CPU
		{F627C9F2-E55E-494A-9EAC-14BC59CFDA3B}.Debug|iPhone.ActiveCfg = Debug|Any CPU
		{F627C9F2-E55E-494A-9EAC-14BC59CFDA3B}.Debug|iPhone.Build.0 = Debug|Any CPU
		{F627C9F2-E55E-494A-9EAC-14BC59CFDA3B}.Debug|iPhoneSimulator.ActiveCfg = Debug|Any CPU
		{F627C9F2-E55E-494A-9EAC-14BC59CFDA3B}.Debug|iPhoneSimulator.Build.0 = Debug|Any CPU
		{F627C9F2-E55E-494A-9EAC-14BC59CFDA3B}.Debug|x64.ActiveCfg = Debug|Any CPU
		{F627C9F2-E55E-494A-9EAC-14BC59CFDA3B}.Debug|x64.Build.0 = Debug|Any CPU
		{F627C9F2-E55E-494A-9EAC-14BC59CFDA3B}.Debug|x86.ActiveCfg = Debug|Any CPU
		{F627C9F2-E55E-494A-9EAC-14BC59CFDA3B}.Debug|x86.Build.0 = Debug|Any CPU
		{F627C9F2-E55E-494A-9EAC-14BC59CFDA3B}.Release|Any CPU.ActiveCfg = Release|Any CPU
		{F627C9F2-E55E-494A-9EAC-14BC59CFDA3B}.Release|Any CPU.Build.0 = Release|Any CPU
		{F627C9F2-E55E-494A-9EAC-14BC59CFDA3B}.Release|ARM.ActiveCfg = Release|Any CPU
		{F627C9F2-E55E-494A-9EAC-14BC59CFDA3B}.Release|ARM.Build.0 = Release|Any CPU
		{F627C9F2-E55E-494A-9EAC-14BC59CFDA3B}.Release|iPhone.ActiveCfg = Release|Any CPU
		{F627C9F2-E55E-494A-9EAC-14BC59CFDA3B}.Release|iPhone.Build.0 = Release|Any CPU
		{F627C9F2-E55E-494A-9EAC-14BC59CFDA3B}.Release|iPhoneSimulator.ActiveCfg = Release|Any CPU
		{F627C9F2-E55E-494A-9EAC-14BC59CFDA3B}.Release|iPhoneSimulator.Build.0 = Release|Any CPU
		{F627C9F2-E55E-494A-9EAC-14BC59CFDA3B}.Release|x64.ActiveCfg = Release|Any CPU
		{F627C9F2-E55E-494A-9EAC-14BC59CFDA3B}.Release|x64.Build.0 = Release|Any CPU
		{F627C9F2-E55E-494A-9EAC-14BC59CFDA3B}.Release|x86.ActiveCfg = Release|Any CPU
		{F627C9F2-E55E-494A-9EAC-14BC59CFDA3B}.Release|x86.Build.0 = Release|Any CPU
	EndGlobalSection
	GlobalSection(SolutionProperties) = preSolution
		HideSolutionNode = FALSE
	EndGlobalSection
	GlobalSection(ExtensibilityGlobals) = postSolution
		SolutionGuid = {4494F99D-2855-418D-A87F-64F534D2EBA9}
	EndGlobalSection
EndGlobal
