
Microsoft Visual Studio Solution File, Format Version 12.00
# Visual Studio Version 17
VisualStudioVersion = 17.2.32408.312
MinimumVisualStudioVersion = 10.0.40219.1
Project("{9A19103F-16F7-4668-BE54-9A1E7A4F7556}") = "DateCalculator.Maui", "DateCalculator.Maui\DateCalculator.Maui.csproj", "{24955392-0E07-42B7-9CA7-59B3343E2E8C}"
EndProject
Project("{9A19103F-16F7-4668-BE54-9A1E7A4F7556}") = "DateCalculator.Shared", "DateCalculator.Shared\DateCalculator.Shared.csproj", "{62B466BB-9349-4249-95E4-739FF15ACA2D}"
EndProject
Project("{9A19103F-16F7-4668-BE54-9A1E7A4F7556}") = "DateCalculator.Forms", "DateCalculator.Forms\DateCalculator.Forms.csproj", "{5A3A2A5D-3707-4DAF-BE16-61557AC6A169}"
EndProject
Project("{FAE04EC0-301F-11D3-BF4B-00C04F79EFBC}") = "DateCalculator.Android", "DateCalculator.Android\DateCalculator.Android.csproj", "{99E69267-7FF2-49A3-A940-AD7B47B70CDB}"
	ProjectSection(ProjectDependencies) = postProject
		{5A3A2A5D-3707-4DAF-BE16-61557AC6A169} = {5A3A2A5D-3707-4DAF-BE16-61557AC6A169}
	EndProjectSection
EndProject
Project("{FAE04EC0-301F-11D3-BF4B-00C04F79EFBC}") = "DateCalculator.UWP", "DateCalculator.UWP\DateCalculator.UWP.csproj", "{714909A8-18B2-4D6C-BC17-E8C36BC97097}"
	ProjectSection(ProjectDependencies) = postProject
		{5A3A2A5D-3707-4DAF-BE16-61557AC6A169} = {5A3A2A5D-3707-4DAF-BE16-61557AC6A169}
	EndProjectSection
EndProject
Project("{FAE04EC0-301F-11D3-BF4B-00C04F79EFBC}") = "DateCalculator.iOS", "DateCalculator.iOS\DateCalculator.iOS.csproj", "{4447AABB-F522-4633-A1B7-F07FFB05D4D7}"
	ProjectSection(ProjectDependencies) = postProject
		{5A3A2A5D-3707-4DAF-BE16-61557AC6A169} = {5A3A2A5D-3707-4DAF-BE16-61557AC6A169}
	EndProjectSection
EndProject
Project("{9A19103F-16F7-4668-BE54-9A1E7A4F7556}") = "DateCalculator.Wpf", "DateCalculator.Wpf\DateCalculator.Wpf.csproj", "{85712D75-C3B5-42B5-A41C-813EF313D1E7}"
EndProject
Global
	GlobalSection(SolutionConfigurationPlatforms) = preSolution
		Debug|Any CPU = Debug|Any CPU
		Debug|ARM = Debug|ARM
		Debug|iPhone = Debug|iPhone
		Debug|iPhoneSimulator = Debug|iPhoneSimulator
		Debug|x64 = Debug|x64
		Debug|x86 = Debug|x86
		Release|Any CPU = Release|Any CPU
		Release|ARM = Release|ARM
		Release|iPhone = Release|iPhone
		Release|iPhoneSimulator = Release|iPhoneSimulator
		Release|x64 = Release|x64
		Release|x86 = Release|x86
	EndGlobalSection
	GlobalSection(ProjectConfigurationPlatforms) = postSolution
		{24955392-0E07-42B7-9CA7-59B3343E2E8C}.Debug|Any CPU.ActiveCfg = Debug|Any CPU
		{24955392-0E07-42B7-9CA7-59B3343E2E8C}.Debug|Any CPU.Build.0 = Debug|Any CPU
		{24955392-0E07-42B7-9CA7-59B3343E2E8C}.Debug|Any CPU.Deploy.0 = Debug|Any CPU
		{24955392-0E07-42B7-9CA7-59B3343E2E8C}.Debug|ARM.ActiveCfg = Debug|Any CPU
		{24955392-0E07-42B7-9CA7-59B3343E2E8C}.Debug|ARM.Build.0 = Debug|Any CPU
		{24955392-0E07-42B7-9CA7-59B3343E2E8C}.Debug|ARM.Deploy.0 = Debug|Any CPU
		{24955392-0E07-42B7-9CA7-59B3343E2E8C}.Debug|iPhone.ActiveCfg = Debug|Any CPU
		{24955392-0E07-42B7-9CA7-59B3343E2E8C}.Debug|iPhone.Build.0 = Debug|Any CPU
		{24955392-0E07-42B7-9CA7-59B3343E2E8C}.Debug|iPhone.Deploy.0 = Debug|Any CPU
		{24955392-0E07-42B7-9CA7-59B3343E2E8C}.Debug|iPhoneSimulator.ActiveCfg = Debug|Any CPU
		{24955392-0E07-42B7-9CA7-59B3343E2E8C}.Debug|iPhoneSimulator.Build.0 = Debug|Any CPU
		{24955392-0E07-42B7-9CA7-59B3343E2E8C}.Debug|iPhoneSimulator.Deploy.0 = Debug|Any CPU
		{24955392-0E07-42B7-9CA7-59B3343E2E8C}.Debug|x64.ActiveCfg = Debug|Any CPU
		{24955392-0E07-42B7-9CA7-59B3343E2E8C}.Debug|x64.Build.0 = Debug|Any CPU
		{24955392-0E07-42B7-9CA7-59B3343E2E8C}.Debug|x64.Deploy.0 = Debug|Any CPU
		{24955392-0E07-42B7-9CA7-59B3343E2E8C}.Debug|x86.ActiveCfg = Debug|Any CPU
		{24955392-0E07-42B7-9CA7-59B3343E2E8C}.Debug|x86.Build.0 = Debug|Any CPU
		{24955392-0E07-42B7-9CA7-59B3343E2E8C}.Debug|x86.Deploy.0 = Debug|Any CPU
		{24955392-0E07-42B7-9CA7-59B3343E2E8C}.Release|Any CPU.ActiveCfg = Release|Any CPU
		{24955392-0E07-42B7-9CA7-59B3343E2E8C}.Release|Any CPU.Build.0 = Release|Any CPU
		{24955392-0E07-42B7-9CA7-59B3343E2E8C}.Release|Any CPU.Deploy.0 = Release|Any CPU
		{24955392-0E07-42B7-9CA7-59B3343E2E8C}.Release|ARM.ActiveCfg = Release|Any CPU
		{24955392-0E07-42B7-9CA7-59B3343E2E8C}.Release|ARM.Build.0 = Release|Any CPU
		{24955392-0E07-42B7-9CA7-59B3343E2E8C}.Release|ARM.Deploy.0 = Release|Any CPU
		{24955392-0E07-42B7-9CA7-59B3343E2E8C}.Release|iPhone.ActiveCfg = Release|Any CPU
		{24955392-0E07-42B7-9CA7-59B3343E2E8C}.Release|iPhone.Build.0 = Release|Any CPU
		{24955392-0E07-42B7-9CA7-59B3343E2E8C}.Release|iPhone.Deploy.0 = Release|Any CPU
		{24955392-0E07-42B7-9CA7-59B3343E2E8C}.Release|iPhoneSimulator.ActiveCfg = Release|Any CPU
		{24955392-0E07-42B7-9CA7-59B3343E2E8C}.Release|iPhoneSimulator.Build.0 = Release|Any CPU
		{24955392-0E07-42B7-9CA7-59B3343E2E8C}.Release|iPhoneSimulator.Deploy.0 = Release|Any CPU
		{24955392-0E07-42B7-9CA7-59B3343E2E8C}.Release|x64.ActiveCfg = Release|Any CPU
		{24955392-0E07-42B7-9CA7-59B3343E2E8C}.Release|x64.Build.0 = Release|Any CPU
		{24955392-0E07-42B7-9CA7-59B3343E2E8C}.Release|x64.Deploy.0 = Release|Any CPU
		{24955392-0E07-42B7-9CA7-59B3343E2E8C}.Release|x86.ActiveCfg = Release|Any CPU
		{24955392-0E07-42B7-9CA7-59B3343E2E8C}.Release|x86.Build.0 = Release|Any CPU
		{24955392-0E07-42B7-9CA7-59B3343E2E8C}.Release|x86.Deploy.0 = Release|Any CPU
		{62B466BB-9349-4249-95E4-739FF15ACA2D}.Debug|Any CPU.ActiveCfg = Debug|Any CPU
		{62B466BB-9349-4249-95E4-739FF15ACA2D}.Debug|Any CPU.Build.0 = Debug|Any CPU
		{62B466BB-9349-4249-95E4-739FF15ACA2D}.Debug|ARM.ActiveCfg = Debug|Any CPU
		{62B466BB-9349-4249-95E4-739FF15ACA2D}.Debug|ARM.Build.0 = Debug|Any CPU
		{62B466BB-9349-4249-95E4-739FF15ACA2D}.Debug|iPhone.ActiveCfg = Debug|Any CPU
		{62B466BB-9349-4249-95E4-739FF15ACA2D}.Debug|iPhone.Build.0 = Debug|Any CPU
		{62B466BB-9349-4249-95E4-739FF15ACA2D}.Debug|iPhoneSimulator.ActiveCfg = Debug|Any CPU
		{62B466BB-9349-4249-95E4-739FF15ACA2D}.Debug|iPhoneSimulator.Build.0 = Debug|Any CPU
		{62B466BB-9349-4249-95E4-739FF15ACA2D}.Debug|x64.ActiveCfg = Debug|Any CPU
		{62B466BB-9349-4249-95E4-739FF15ACA2D}.Debug|x64.Build.0 = Debug|Any CPU
		{62B466BB-9349-4249-95E4-739FF15ACA2D}.Debug|x86.ActiveCfg = Debug|Any CPU
		{62B466BB-9349-4249-95E4-739FF15ACA2D}.Debug|x86.Build.0 = Debug|Any CPU
		{62B466BB-9349-4249-95E4-739FF15ACA2D}.Release|Any CPU.ActiveCfg = Release|Any CPU
		{62B466BB-9349-4249-95E4-739FF15ACA2D}.Release|Any CPU.Build.0 = Release|Any CPU
		{62B466BB-9349-4249-95E4-739FF15ACA2D}.Release|ARM.ActiveCfg = Release|Any CPU
		{62B466BB-9349-4249-95E4-739FF15ACA2D}.Release|ARM.Build.0 = Release|Any CPU
		{62B466BB-9349-4249-95E4-739FF15ACA2D}.Release|iPhone.ActiveCfg = Release|Any CPU
		{62B466BB-9349-4249-95E4-739FF15ACA2D}.Release|iPhone.Build.0 = Release|Any CPU
		{62B466BB-9349-4249-95E4-739FF15ACA2D}.Release|iPhoneSimulator.ActiveCfg = Release|Any CPU
		{62B466BB-9349-4249-95E4-739FF15ACA2D}.Release|iPhoneSimulator.Build.0 = Release|Any CPU
		{62B466BB-9349-4249-95E4-739FF15ACA2D}.Release|x64.ActiveCfg = Release|Any CPU
		{62B466BB-9349-4249-95E4-739FF15ACA2D}.Release|x64.Build.0 = Release|Any CPU
		{62B466BB-9349-4249-95E4-739FF15ACA2D}.Release|x86.ActiveCfg = Release|Any CPU
		{62B466BB-9349-4249-95E4-739FF15ACA2D}.Release|x86.Build.0 = Release|Any CPU
		{5A3A2A5D-3707-4DAF-BE16-61557AC6A169}.Debug|Any CPU.ActiveCfg = Debug|Any CPU
		{5A3A2A5D-3707-4DAF-BE16-61557AC6A169}.Debug|Any CPU.Build.0 = Debug|Any CPU
		{5A3A2A5D-3707-4DAF-BE16-61557AC6A169}.Debug|ARM.ActiveCfg = Debug|Any CPU
		{5A3A2A5D-3707-4DAF-BE16-61557AC6A169}.Debug|ARM.Build.0 = Debug|Any CPU
		{5A3A2A5D-3707-4DAF-BE16-61557AC6A169}.Debug|iPhone.ActiveCfg = Debug|Any CPU
		{5A3A2A5D-3707-4DAF-BE16-61557AC6A169}.Debug|iPhone.Build.0 = Debug|Any CPU
		{5A3A2A5D-3707-4DAF-BE16-61557AC6A169}.Debug|iPhoneSimulator.ActiveCfg = Debug|Any CPU
		{5A3A2A5D-3707-4DAF-BE16-61557AC6A169}.Debug|iPhoneSimulator.Build.0 = Debug|Any CPU
		{5A3A2A5D-3707-4DAF-BE16-61557AC6A169}.Debug|x64.ActiveCfg = Debug|Any CPU
		{5A3A2A5D-3707-4DAF-BE16-61557AC6A169}.Debug|x64.Build.0 = Debug|Any CPU
		{5A3A2A5D-3707-4DAF-BE16-61557AC6A169}.Debug|x86.ActiveCfg = Debug|Any CPU
		{5A3A2A5D-3707-4DAF-BE16-61557AC6A169}.Debug|x86.Build.0 = Debug|Any CPU
		{5A3A2A5D-3707-4DAF-BE16-61557AC6A169}.Release|Any CPU.ActiveCfg = Release|Any CPU
		{5A3A2A5D-3707-4DAF-BE16-61557AC6A169}.Release|Any CPU.Build.0 = Release|Any CPU
		{5A3A2A5D-3707-4DAF-BE16-61557AC6A169}.Release|ARM.ActiveCfg = Release|Any CPU
		{5A3A2A5D-3707-4DAF-BE16-61557AC6A169}.Release|ARM.Build.0 = Release|Any CPU
		{5A3A2A5D-3707-4DAF-BE16-61557AC6A169}.Release|iPhone.ActiveCfg = Release|Any CPU
		{5A3A2A5D-3707-4DAF-BE16-61557AC6A169}.Release|iPhone.Build.0 = Release|Any CPU
		{5A3A2A5D-3707-4DAF-BE16-61557AC6A169}.Release|iPhoneSimulator.ActiveCfg = Release|Any CPU
		{5A3A2A5D-3707-4DAF-BE16-61557AC6A169}.Release|iPhoneSimulator.Build.0 = Release|Any CPU
		{5A3A2A5D-3707-4DAF-BE16-61557AC6A169}.Release|x64.ActiveCfg = Release|Any CPU
		{5A3A2A5D-3707-4DAF-BE16-61557AC6A169}.Release|x64.Build.0 = Release|Any CPU
		{5A3A2A5D-3707-4DAF-BE16-61557AC6A169}.Release|x86.ActiveCfg = Release|Any CPU
		{5A3A2A5D-3707-4DAF-BE16-61557AC6A169}.Release|x86.Build.0 = Release|Any CPU
		{99E69267-7FF2-49A3-A940-AD7B47B70CDB}.Debug|Any CPU.ActiveCfg = Debug|Any CPU
		{99E69267-7FF2-49A3-A940-AD7B47B70CDB}.Debug|Any CPU.Build.0 = Debug|Any CPU
		{99E69267-7FF2-49A3-A940-AD7B47B70CDB}.Debug|Any CPU.Deploy.0 = Debug|Any CPU
		{99E69267-7FF2-49A3-A940-AD7B47B70CDB}.Debug|ARM.ActiveCfg = Debug|Any CPU
		{99E69267-7FF2-49A3-A940-AD7B47B70CDB}.Debug|ARM.Build.0 = Debug|Any CPU
		{99E69267-7FF2-49A3-A940-AD7B47B70CDB}.Debug|ARM.Deploy.0 = Debug|Any CPU
		{99E69267-7FF2-49A3-A940-AD7B47B70CDB}.Debug|iPhone.ActiveCfg = Debug|Any CPU
		{99E69267-7FF2-49A3-A940-AD7B47B70CDB}.Debug|iPhone.Build.0 = Debug|Any CPU
		{99E69267-7FF2-49A3-A940-AD7B47B70CDB}.Debug|iPhone.Deploy.0 = Debug|Any CPU
		{99E69267-7FF2-49A3-A940-AD7B47B70CDB}.Debug|iPhoneSimulator.ActiveCfg = Debug|Any CPU
		{99E69267-7FF2-49A3-A940-AD7B47B70CDB}.Debug|iPhoneSimulator.Build.0 = Debug|Any CPU
		{99E69267-7FF2-49A3-A940-AD7B47B70CDB}.Debug|iPhoneSimulator.Deploy.0 = Debug|Any CPU
		{99E69267-7FF2-49A3-A940-AD7B47B70CDB}.Debug|x64.ActiveCfg = Debug|Any CPU
		{99E69267-7FF2-49A3-A940-AD7B47B70CDB}.Debug|x64.Build.0 = Debug|Any CPU
		{99E69267-7FF2-49A3-A940-AD7B47B70CDB}.Debug|x64.Deploy.0 = Debug|Any CPU
		{99E69267-7FF2-49A3-A940-AD7B47B70CDB}.Debug|x86.ActiveCfg = Debug|Any CPU
		{99E69267-7FF2-49A3-A940-AD7B47B70CDB}.Debug|x86.Build.0 = Debug|Any CPU
		{99E69267-7FF2-49A3-A940-AD7B47B70CDB}.Debug|x86.Deploy.0 = Debug|Any CPU
		{99E69267-7FF2-49A3-A940-AD7B47B70CDB}.Release|Any CPU.ActiveCfg = Release|Any CPU
		{99E69267-7FF2-49A3-A940-AD7B47B70CDB}.Release|Any CPU.Build.0 = Release|Any CPU
		{99E69267-7FF2-49A3-A940-AD7B47B70CDB}.Release|Any CPU.Deploy.0 = Release|Any CPU
		{99E69267-7FF2-49A3-A940-AD7B47B70CDB}.Release|ARM.ActiveCfg = Release|Any CPU
		{99E69267-7FF2-49A3-A940-AD7B47B70CDB}.Release|ARM.Build.0 = Release|Any CPU
		{99E69267-7FF2-49A3-A940-AD7B47B70CDB}.Release|ARM.Deploy.0 = Release|Any CPU
		{99E69267-7FF2-49A3-A940-AD7B47B70CDB}.Release|iPhone.ActiveCfg = Release|Any CPU
		{99E69267-7FF2-49A3-A940-AD7B47B70CDB}.Release|iPhone.Build.0 = Release|Any CPU
		{99E69267-7FF2-49A3-A940-AD7B47B70CDB}.Release|iPhone.Deploy.0 = Release|Any CPU
		{99E69267-7FF2-49A3-A940-AD7B47B70CDB}.Release|iPhoneSimulator.ActiveCfg = Release|Any CPU
		{99E69267-7FF2-49A3-A940-AD7B47B70CDB}.Release|iPhoneSimulator.Build.0 = Release|Any CPU
		{99E69267-7FF2-49A3-A940-AD7B47B70CDB}.Release|iPhoneSimulator.Deploy.0 = Release|Any CPU
		{99E69267-7FF2-49A3-A940-AD7B47B70CDB}.Release|x64.ActiveCfg = Release|Any CPU
		{99E69267-7FF2-49A3-A940-AD7B47B70CDB}.Release|x64.Build.0 = Release|Any CPU
		{99E69267-7FF2-49A3-A940-AD7B47B70CDB}.Release|x64.Deploy.0 = Release|Any CPU
		{99E69267-7FF2-49A3-A940-AD7B47B70CDB}.Release|x86.ActiveCfg = Release|Any CPU
		{99E69267-7FF2-49A3-A940-AD7B47B70CDB}.Release|x86.Build.0 = Release|Any CPU
		{99E69267-7FF2-49A3-A940-AD7B47B70CDB}.Release|x86.Deploy.0 = Release|Any CPU
		{714909A8-18B2-4D6C-BC17-E8C36BC97097}.Debug|Any CPU.ActiveCfg = Debug|x86
		{714909A8-18B2-4D6C-BC17-E8C36BC97097}.Debug|Any CPU.Build.0 = Debug|x86
		{714909A8-18B2-4D6C-BC17-E8C36BC97097}.Debug|Any CPU.Deploy.0 = Debug|x86
		{714909A8-18B2-4D6C-BC17-E8C36BC97097}.Debug|ARM.ActiveCfg = Debug|ARM
		{714909A8-18B2-4D6C-BC17-E8C36BC97097}.Debug|ARM.Build.0 = Debug|ARM
		{714909A8-18B2-4D6C-BC17-E8C36BC97097}.Debug|ARM.Deploy.0 = Debug|ARM
		{714909A8-18B2-4D6C-BC17-E8C36BC97097}.Debug|iPhone.ActiveCfg = Debug|x86
		{714909A8-18B2-4D6C-BC17-E8C36BC97097}.Debug|iPhone.Build.0 = Debug|x86
		{714909A8-18B2-4D6C-BC17-E8C36BC97097}.Debug|iPhone.Deploy.0 = Debug|x86
		{714909A8-18B2-4D6C-BC17-E8C36BC97097}.Debug|iPhoneSimulator.ActiveCfg = Debug|x86
		{714909A8-18B2-4D6C-BC17-E8C36BC97097}.Debug|x64.ActiveCfg = Debug|x64
		{714909A8-18B2-4D6C-BC17-E8C36BC97097}.Debug|x64.Build.0 = Debug|x64
		{714909A8-18B2-4D6C-BC17-E8C36BC97097}.Debug|x64.Deploy.0 = Debug|x64
		{714909A8-18B2-4D6C-BC17-E8C36BC97097}.Debug|x86.ActiveCfg = Debug|x86
		{714909A8-18B2-4D6C-BC17-E8C36BC97097}.Debug|x86.Build.0 = Debug|x86
		{714909A8-18B2-4D6C-BC17-E8C36BC97097}.Debug|x86.Deploy.0 = Debug|x86
		{714909A8-18B2-4D6C-BC17-E8C36BC97097}.Release|Any CPU.ActiveCfg = Release|x86
		{714909A8-18B2-4D6C-BC17-E8C36BC97097}.Release|ARM.ActiveCfg = Release|ARM
		{714909A8-18B2-4D6C-BC17-E8C36BC97097}.Release|ARM.Build.0 = Release|ARM
		{714909A8-18B2-4D6C-BC17-E8C36BC97097}.Release|ARM.Deploy.0 = Release|ARM
		{714909A8-18B2-4D6C-BC17-E8C36BC97097}.Release|iPhone.ActiveCfg = Release|x86
		{714909A8-18B2-4D6C-BC17-E8C36BC97097}.Release|iPhoneSimulator.ActiveCfg = Release|x86
		{714909A8-18B2-4D6C-BC17-E8C36BC97097}.Release|x64.ActiveCfg = Release|x64
		{714909A8-18B2-4D6C-BC17-E8C36BC97097}.Release|x64.Build.0 = Release|x64
		{714909A8-18B2-4D6C-BC17-E8C36BC97097}.Release|x64.Deploy.0 = Release|x64
		{714909A8-18B2-4D6C-BC17-E8C36BC97097}.Release|x86.ActiveCfg = Release|x86
		{714909A8-18B2-4D6C-BC17-E8C36BC97097}.Release|x86.Build.0 = Release|x86
		{714909A8-18B2-4D6C-BC17-E8C36BC97097}.Release|x86.Deploy.0 = Release|x86
		{4447AABB-F522-4633-A1B7-F07FFB05D4D7}.Debug|Any CPU.ActiveCfg = Debug|iPhoneSimulator
		{4447AABB-F522-4633-A1B7-F07FFB05D4D7}.Debug|Any CPU.Build.0 = Debug|iPhoneSimulator
		{4447AABB-F522-4633-A1B7-F07FFB05D4D7}.Debug|ARM.ActiveCfg = Debug|iPhoneSimulator
		{4447AABB-F522-4633-A1B7-F07FFB05D4D7}.Debug|iPhone.ActiveCfg = Debug|iPhone
		{4447AABB-F522-4633-A1B7-F07FFB05D4D7}.Debug|iPhone.Build.0 = Debug|iPhone
		{4447AABB-F522-4633-A1B7-F07FFB05D4D7}.Debug|iPhone.Deploy.0 = Debug|iPhone
		{4447AABB-F522-4633-A1B7-F07FFB05D4D7}.Debug|iPhoneSimulator.ActiveCfg = Debug|iPhoneSimulator
		{4447AABB-F522-4633-A1B7-F07FFB05D4D7}.Debug|iPhoneSimulator.Build.0 = Debug|iPhoneSimulator
		{4447AABB-F522-4633-A1B7-F07FFB05D4D7}.Debug|x64.ActiveCfg = Debug|iPhoneSimulator
		{4447AABB-F522-4633-A1B7-F07FFB05D4D7}.Debug|x86.ActiveCfg = Debug|iPhoneSimulator
		{4447AABB-F522-4633-A1B7-F07FFB05D4D7}.Release|Any CPU.ActiveCfg = Release|iPhoneSimulator
		{4447AABB-F522-4633-A1B7-F07FFB05D4D7}.Release|ARM.ActiveCfg = Release|iPhoneSimulator
		{4447AABB-F522-4633-A1B7-F07FFB05D4D7}.Release|iPhone.ActiveCfg = Release|iPhone
		{4447AABB-F522-4633-A1B7-F07FFB05D4D7}.Release|iPhone.Build.0 = Release|iPhone
		{4447AABB-F522-4633-A1B7-F07FFB05D4D7}.Release|iPhoneSimulator.ActiveCfg = Release|iPhoneSimulator
		{4447AABB-F522-4633-A1B7-F07FFB05D4D7}.Release|iPhoneSimulator.Build.0 = Release|iPhoneSimulator
		{4447AABB-F522-4633-A1B7-F07FFB05D4D7}.Release|x64.ActiveCfg = Release|iPhoneSimulator
		{4447AABB-F522-4633-A1B7-F07FFB05D4D7}.Release|x86.ActiveCfg = Release|iPhoneSimulator
		{85712D75-C3B5-42B5-A41C-813EF313D1E7}.Debug|Any CPU.ActiveCfg = Debug|Any CPU
		{85712D75-C3B5-42B5-A41C-813EF313D1E7}.Debug|Any CPU.Build.0 = Debug|Any CPU
		{85712D75-C3B5-42B5-A41C-813EF313D1E7}.Debug|ARM.ActiveCfg = Debug|Any CPU
		{85712D75-C3B5-42B5-A41C-813EF313D1E7}.Debug|ARM.Build.0 = Debug|Any CPU
		{85712D75-C3B5-42B5-A41C-813EF313D1E7}.Debug|iPhone.ActiveCfg = Debug|Any CPU
		{85712D75-C3B5-42B5-A41C-813EF313D1E7}.Debug|iPhone.Build.0 = Debug|Any CPU
		{85712D75-C3B5-42B5-A41C-813EF313D1E7}.Debug|iPhoneSimulator.ActiveCfg = Debug|Any CPU
		{85712D75-C3B5-42B5-A41C-813EF313D1E7}.Debug|iPhoneSimulator.Build.0 = Debug|Any CPU
		{85712D75-C3B5-42B5-A41C-813EF313D1E7}.Debug|x64.ActiveCfg = Debug|Any CPU
		{85712D75-C3B5-42B5-A41C-813EF313D1E7}.Debug|x64.Build.0 = Debug|Any CPU
		{85712D75-C3B5-42B5-A41C-813EF313D1E7}.Debug|x86.ActiveCfg = Debug|Any CPU
		{85712D75-C3B5-42B5-A41C-813EF313D1E7}.Debug|x86.Build.0 = Debug|Any CPU
		{85712D75-C3B5-42B5-A41C-813EF313D1E7}.Release|Any CPU.ActiveCfg = Release|Any CPU
		{85712D75-C3B5-42B5-A41C-813EF313D1E7}.Release|Any CPU.Build.0 = Release|Any CPU
		{85712D75-C3B5-42B5-A41C-813EF313D1E7}.Release|ARM.ActiveCfg = Release|Any CPU
		{85712D75-C3B5-42B5-A41C-813EF313D1E7}.Release|ARM.Build.0 = Release|Any CPU
		{85712D75-C3B5-42B5-A41C-813EF313D1E7}.Release|iPhone.ActiveCfg = Release|Any CPU
		{85712D75-C3B5-42B5-A41C-813EF313D1E7}.Release|iPhone.Build.0 = Release|Any CPU
		{85712D75-C3B5-42B5-A41C-813EF313D1E7}.Release|iPhoneSimulator.ActiveCfg = Release|Any CPU
		{85712D75-C3B5-42B5-A41C-813EF313D1E7}.Release|iPhoneSimulator.Build.0 = Release|Any CPU
		{85712D75-C3B5-42B5-A41C-813EF313D1E7}.Release|x64.ActiveCfg = Release|Any CPU
		{85712D75-C3B5-42B5-A41C-813EF313D1E7}.Release|x64.Build.0 = Release|Any CPU
		{85712D75-C3B5-42B5-A41C-813EF313D1E7}.Release|x86.ActiveCfg = Release|Any CPU
		{85712D75-C3B5-42B5-A41C-813EF313D1E7}.Release|x86.Build.0 = Release|Any CPU
	EndGlobalSection
	GlobalSection(SolutionProperties) = preSolution
		HideSolutionNode = FALSE
	EndGlobalSection
	GlobalSection(ExtensibilityGlobals) = postSolution
		SolutionGuid = {61F7FB11-1E47-470C-91E2-47F8143E1572}
	EndGlobalSection
EndGlobal
