
Microsoft Visual Studio Solution File, Format Version 12.00
# Visual Studio Version 17
VisualStudioVersion = 17.1.31903.286
MinimumVisualStudioVersion = 10.0.40219.1
Project("{9A19103F-16F7-4668-BE54-9A1E7A4F7556}") = "MauiBlazorApp", "MauiBlazorApp\MauiBlazorApp.csproj", "{6001DD47-2BA1-48BF-9992-4A768EA19253}"
EndProject
Project("{9A19103F-16F7-4668-BE54-9A1E7A4F7556}") = "RazorLib", "RazorLib\RazorLib.csproj", "{3AB50B6C-22E6-4B7E-AADB-0F569ED7A0F6}"
EndProject
Global
	GlobalSection(SolutionConfigurationPlatforms) = preSolution
		Debug|Any CPU = Debug|Any CPU
		Release|Any CPU = Release|Any CPU
	EndGlobalSection
	GlobalSection(ProjectConfigurationPlatforms) = postSolution
		{6001DD47-2BA1-48BF-9992-4A768EA19253}.Debug|Any CPU.ActiveCfg = Debug|Any CPU
		{6001DD47-2BA1-48BF-9992-4A768EA19253}.Debug|Any CPU.Build.0 = Debug|Any CPU
		{6001DD47-2BA1-48BF-9992-4A768EA19253}.Debug|Any CPU.Deploy.0 = Debug|Any CPU
		{6001DD47-2BA1-48BF-9992-4A768EA19253}.Release|Any CPU.ActiveCfg = Release|Any CPU
		{6001DD47-2BA1-48BF-9992-4A768EA19253}.Release|Any CPU.Build.0 = Release|Any CPU
		{3AB50B6C-22E6-4B7E-AADB-0F569ED7A0F6}.Debug|Any CPU.ActiveCfg = Debug|Any CPU
		{3AB50B6C-22E6-4B7E-AADB-0F569ED7A0F6}.Debug|Any CPU.Build.0 = Debug|Any CPU
		{3AB50B6C-22E6-4B7E-AADB-0F569ED7A0F6}.Release|Any CPU.ActiveCfg = Release|Any CPU
		{3AB50B6C-22E6-4B7E-AADB-0F569ED7A0F6}.Release|Any CPU.Build.0 = Release|Any CPU
	EndGlobalSection
	GlobalSection(SolutionProperties) = preSolution
		HideSolutionNode = FALSE
	EndGlobalSection
	GlobalSection(ExtensibilityGlobals) = postSolution
		SolutionGuid = {FEE1C419-D189-4961-A565-D628FE45B075}
	EndGlobalSection
EndGlobal
