
Microsoft Visual Studio Solution File, Format Version 12.00
# Visual Studio Version 17
VisualStudioVersion = 17.5.33103.201
MinimumVisualStudioVersion = 10.0.40219.1
Project("{03E97CE8-2C65-4C86-80F2-667255D55E3D}") = "EmbeddedWindows", "EmbeddedWindows.csproj", "{1E1DD6C8-E964-4150-8AC0-A41A3442C926}"
EndProject
Global
	GlobalSection(SolutionConfigurationPlatforms) = preSolution
		Debug|arm64 = Debug|arm64
		Debug|x64 = Debug|x64
		Debug|x86 = Debug|x86
		Release|arm64 = Release|arm64
		Release|x64 = Release|x64
		Release|x86 = Release|x86
	EndGlobalSection
	GlobalSection(ProjectConfigurationPlatforms) = postSolution
		{1E1DD6C8-E964-4150-8AC0-A41A3442C926}.Debug|arm64.ActiveCfg = Debug|arm64
		{1E1DD6C8-E964-4150-8AC0-A41A3442C926}.Debug|arm64.Build.0 = Debug|arm64
		{1E1DD6C8-E964-4150-8AC0-A41A3442C926}.Debug|arm64.Deploy.0 = Debug|arm64
		{1E1DD6C8-E964-4150-8AC0-A41A3442C926}.Debug|x64.ActiveCfg = Debug|x64
		{1E1DD6C8-E964-4150-8AC0-A41A3442C926}.Debug|x64.Build.0 = Debug|x64
		{1E1DD6C8-E964-4150-8AC0-A41A3442C926}.Debug|x64.Deploy.0 = Debug|x64
		{1E1DD6C8-E964-4150-8AC0-A41A3442C926}.Debug|x86.ActiveCfg = Debug|x86
		{1E1DD6C8-E964-4150-8AC0-A41A3442C926}.Debug|x86.Build.0 = Debug|x86
		{1E1DD6C8-E964-4150-8AC0-A41A3442C926}.Debug|x86.Deploy.0 = Debug|x86
		{1E1DD6C8-E964-4150-8AC0-A41A3442C926}.Release|arm64.ActiveCfg = Release|arm64
		{1E1DD6C8-E964-4150-8AC0-A41A3442C926}.Release|arm64.Build.0 = Release|arm64
		{1E1DD6C8-E964-4150-8AC0-A41A3442C926}.Release|arm64.Deploy.0 = Release|arm64
		{1E1DD6C8-E964-4150-8AC0-A41A3442C926}.Release|x64.ActiveCfg = Release|x64
		{1E1DD6C8-E964-4150-8AC0-A41A3442C926}.Release|x64.Build.0 = Release|x64
		{1E1DD6C8-E964-4150-8AC0-A41A3442C926}.Release|x64.Deploy.0 = Release|x64
		{1E1DD6C8-E964-4150-8AC0-A41A3442C926}.Release|x86.ActiveCfg = Release|x86
		{1E1DD6C8-E964-4150-8AC0-A41A3442C926}.Release|x86.Build.0 = Release|x86
		{1E1DD6C8-E964-4150-8AC0-A41A3442C926}.Release|x86.Deploy.0 = Release|x86
	EndGlobalSection
	GlobalSection(SolutionProperties) = preSolution
		HideSolutionNode = FALSE
	EndGlobalSection
	GlobalSection(ExtensibilityGlobals) = postSolution
		SolutionGuid = {0D8ED8A8-638E-4246-AF9D-A8F8921B948E}
	EndGlobalSection
EndGlobal
